// !$*UTF8*$!
{
	archiveVersion = 1;
	classes = {
	};
	objectVersion = 50;
	objects = {

/* Begin PBXBuildFile section */
		5F09F19F20C6FED5008407F6 /* RMVApiController.swift in Sources */ = {isa = PBXBuildFile; fileRef = 5F09F19E20C6FED5008407F6 /* RMVApiController.swift */; };
		5F09F1A220C6FEE5008407F6 /* BusProfileVC.swift in Sources */ = {isa = PBXBuildFile; fileRef = 5F09F1A020C6FEE5008407F6 /* BusProfileVC.swift */; };
		5F09F1A320C6FEE5008407F6 /* BusProfileEditVC.swift in Sources */ = {isa = PBXBuildFile; fileRef = 5F09F1A120C6FEE5008407F6 /* BusProfileEditVC.swift */; };
		5F09F1AB20C6FF12008407F6 /* Departure.swift in Sources */ = {isa = PBXBuildFile; fileRef = 5F09F1A520C6FF11008407F6 /* Departure.swift */; };
		5F09F1AC20C6FF12008407F6 /* StopLocationRMV.swift in Sources */ = {isa = PBXBuildFile; fileRef = 5F09F1A620C6FF11008407F6 /* StopLocationRMV.swift */; };
		5F09F1AE20C6FF12008407F6 /* TripResponse.swift in Sources */ = {isa = PBXBuildFile; fileRef = 5F09F1A820C6FF11008407F6 /* TripResponse.swift */; };
		5F09F1AF20C6FF12008407F6 /* StopLocationResponse.swift in Sources */ = {isa = PBXBuildFile; fileRef = 5F09F1A920C6FF11008407F6 /* StopLocationResponse.swift */; };
		5F09F1B020C6FF12008407F6 /* DepartureResponse.swift in Sources */ = {isa = PBXBuildFile; fileRef = 5F09F1AA20C6FF11008407F6 /* DepartureResponse.swift */; };
		5F09F1B420C6FF5E008407F6 /* RouteTableViewCell.swift in Sources */ = {isa = PBXBuildFile; fileRef = 5F09F1B120C6FF5E008407F6 /* RouteTableViewCell.swift */; };
		5F09F1B520C6FF5E008407F6 /* UISearchTextField.swift in Sources */ = {isa = PBXBuildFile; fileRef = 5F09F1B220C6FF5E008407F6 /* UISearchTextField.swift */; };
		5F09F1B620C6FF5E008407F6 /* UIStopLocationSearchTextField.swift in Sources */ = {isa = PBXBuildFile; fileRef = 5F09F1B320C6FF5E008407F6 /* UIStopLocationSearchTextField.swift */; };
		5F09F1B820C70014008407F6 /* Bus.storyboard in Resources */ = {isa = PBXBuildFile; fileRef = 5F09F1B720C70014008407F6 /* Bus.storyboard */; };
		5F09F1C620C70D22008407F6 /* RMVApiControllerTest.swift in Sources */ = {isa = PBXBuildFile; fileRef = 5F09F1C520C70D22008407F6 /* RMVApiControllerTest.swift */; };
		5F09F1C820C97FC2008407F6 /* BusprofileTableViewCell.swift in Sources */ = {isa = PBXBuildFile; fileRef = 5F09F1C720C97FC2008407F6 /* BusprofileTableViewCell.swift */; };
		5F09F1CA20CBD140008407F6 /* BusRouteEditVC.swift in Sources */ = {isa = PBXBuildFile; fileRef = 5F09F1C920CBD140008407F6 /* BusRouteEditVC.swift */; };
		5F0A8EB620F638EA00E06836 /* PutzProfilVC.swift in Sources */ = {isa = PBXBuildFile; fileRef = 5F0A8EB520F638EA00E06836 /* PutzProfilVC.swift */; };
		5F0A8EB820F6396900E06836 /* PutzProfilEditVC.swift in Sources */ = {isa = PBXBuildFile; fileRef = 5F0A8EB720F6396900E06836 /* PutzProfilEditVC.swift */; };
		5F0A8EBA20F6397B00E06836 /* PutzProfilCalenderVC.swift in Sources */ = {isa = PBXBuildFile; fileRef = 5F0A8EB920F6397B00E06836 /* PutzProfilCalenderVC.swift */; };
		5F0A8EBD20F63ABD00E06836 /* PutzProfile.storyboard in Resources */ = {isa = PBXBuildFile; fileRef = 5F0A8EBB20F63ABD00E06836 /* PutzProfile.storyboard */; };
		5F0A8EC020F63F4D00E06836 /* PutzprofilTableVC.swift in Sources */ = {isa = PBXBuildFile; fileRef = 5F0A8EBF20F63F4D00E06836 /* PutzprofilTableVC.swift */; };
		5F0A8EC220F63F6100E06836 /* PutzProfilEditDetailsVC.swift in Sources */ = {isa = PBXBuildFile; fileRef = 5F0A8EC120F63F6100E06836 /* PutzProfilEditDetailsVC.swift */; };
		5F0A8EC420F6421C00E06836 /* PutzProfileTableViewCell.swift in Sources */ = {isa = PBXBuildFile; fileRef = 5F0A8EC320F6421C00E06836 /* PutzProfileTableViewCell.swift */; };
		5F0A8EC620F6431F00E06836 /* PutzSettingsController.swift in Sources */ = {isa = PBXBuildFile; fileRef = 5F0A8EC520F6431F00E06836 /* PutzSettingsController.swift */; };
		5F0A8ECA20F7605B00E06836 /* CustomCollectionViewLayout.swift in Sources */ = {isa = PBXBuildFile; fileRef = 5F0A8EC720F7605A00E06836 /* CustomCollectionViewLayout.swift */; };
		5F0A8ECB20F7605B00E06836 /* CustomCollectionViewCell.swift in Sources */ = {isa = PBXBuildFile; fileRef = 5F0A8EC820F7605A00E06836 /* CustomCollectionViewCell.swift */; };
		5F0A8ECC20F7605B00E06836 /* CustomCollectionViewController.swift in Sources */ = {isa = PBXBuildFile; fileRef = 5F0A8EC920F7605B00E06836 /* CustomCollectionViewController.swift */; };
		5F0A8ED620F81D4100E06836 /* PutzItemViewCell.swift in Sources */ = {isa = PBXBuildFile; fileRef = 5F0A8ED520F81D4100E06836 /* PutzItemViewCell.swift */; };
		5F1D3B8D20FD0069001BDCD6 /* UIPutzItemPickerView.swift in Sources */ = {isa = PBXBuildFile; fileRef = 5F1D3B8C20FD0069001BDCD6 /* UIPutzItemPickerView.swift */; };
		5F1D3B9020FD465E001BDCD6 /* ShowActPutzItems.storyboard in Resources */ = {isa = PBXBuildFile; fileRef = 5F1D3B8E20FD465E001BDCD6 /* ShowActPutzItems.storyboard */; };
		5F1D3B9220FD479F001BDCD6 /* ShowActPutzItemsVC.swift in Sources */ = {isa = PBXBuildFile; fileRef = 5F1D3B9120FD479F001BDCD6 /* ShowActPutzItemsVC.swift */; };
		5F1D3B9520FD497E001BDCD6 /* PutzWeekItem+CoreDataClass.swift in Sources */ = {isa = PBXBuildFile; fileRef = 5F1D3B9320FD497E001BDCD6 /* PutzWeekItem+CoreDataClass.swift */; };
		5F1D3B9620FD497E001BDCD6 /* PutzWeekItem+CoreDataProperties.swift in Sources */ = {isa = PBXBuildFile; fileRef = 5F1D3B9420FD497E001BDCD6 /* PutzWeekItem+CoreDataProperties.swift */; };
		5F44D62F20D01CA40014AB46 /* Image.swift in Sources */ = {isa = PBXBuildFile; fileRef = 5F44D62E20D01CA40014AB46 /* Image.swift */; };
		5F44D63320D01CCA0014AB46 /* UserProfilEditVC.swift in Sources */ = {isa = PBXBuildFile; fileRef = 5F44D63020D01CCA0014AB46 /* UserProfilEditVC.swift */; };
		5F44D63420D01CCA0014AB46 /* UserProfilVC.swift in Sources */ = {isa = PBXBuildFile; fileRef = 5F44D63120D01CCA0014AB46 /* UserProfilVC.swift */; };
		5F44D63520D01CCA0014AB46 /* ChooseUserVC.swift in Sources */ = {isa = PBXBuildFile; fileRef = 5F44D63220D01CCA0014AB46 /* ChooseUserVC.swift */; };
		5F44D63820D01D0D0014AB46 /* User.storyboard in Resources */ = {isa = PBXBuildFile; fileRef = 5F44D63720D01D0D0014AB46 /* User.storyboard */; };
		5F5BFEEA20FA0ED200235D6F /* Colors.xcassets in Resources */ = {isa = PBXBuildFile; fileRef = 5F5BFEE920FA0ED200235D6F /* Colors.xcassets */; };
		5F6204DB20E65E2500890135 /* ShowBusTripsSlideVC.swift in Sources */ = {isa = PBXBuildFile; fileRef = 5F6204DA20E65E2500890135 /* ShowBusTripsSlideVC.swift */; };
		5F6204DD20E66E6B00890135 /* ShowBusTripsTableVC.swift in Sources */ = {isa = PBXBuildFile; fileRef = 5F6204DC20E66E6B00890135 /* ShowBusTripsTableVC.swift */; };
		5F639C4F20E682B8002CC7D4 /* BusTripTableViewCell.swift in Sources */ = {isa = PBXBuildFile; fileRef = 5F639C4E20E682B8002CC7D4 /* BusTripTableViewCell.swift */; };
		5F639C5120E68688002CC7D4 /* BusDepartureTableViewCell.swift in Sources */ = {isa = PBXBuildFile; fileRef = 5F639C5020E68688002CC7D4 /* BusDepartureTableViewCell.swift */; };
		5F639C5320E68781002CC7D4 /* ShowBusDepartureTableVC.swift in Sources */ = {isa = PBXBuildFile; fileRef = 5F639C5220E68781002CC7D4 /* ShowBusDepartureTableVC.swift */; };
		5F639C5520EA0E86002CC7D4 /* ShowBusTrips.storyboard in Resources */ = {isa = PBXBuildFile; fileRef = 5F639C5420EA0E85002CC7D4 /* ShowBusTrips.storyboard */; };
		5FA47C5420BAE9A60043B3C8 /* AppDelegate.swift in Sources */ = {isa = PBXBuildFile; fileRef = 5FA47C5320BAE9A60043B3C8 /* AppDelegate.swift */; };
		5FA47C5620BAE9A60043B3C8 /* ContainerVC.swift in Sources */ = {isa = PBXBuildFile; fileRef = 5FA47C5520BAE9A60043B3C8 /* ContainerVC.swift */; };
		5FA47C5920BAE9A60043B3C8 /* Main.storyboard in Resources */ = {isa = PBXBuildFile; fileRef = 5FA47C5720BAE9A60043B3C8 /* Main.storyboard */; };
		5FA47C5B20BAE9A60043B3C8 /* Assets.xcassets in Resources */ = {isa = PBXBuildFile; fileRef = 5FA47C5A20BAE9A60043B3C8 /* Assets.xcassets */; };
		5FA47C5E20BAE9A60043B3C8 /* LaunchScreen.storyboard in Resources */ = {isa = PBXBuildFile; fileRef = 5FA47C5C20BAE9A60043B3C8 /* LaunchScreen.storyboard */; };
		5FA47C6920BAE9A60043B3C8 /* WGAppTests.swift in Sources */ = {isa = PBXBuildFile; fileRef = 5FA47C6820BAE9A60043B3C8 /* WGAppTests.swift */; };
		5FA47C7420BAE9A60043B3C8 /* WGAppUITests.swift in Sources */ = {isa = PBXBuildFile; fileRef = 5FA47C7320BAE9A60043B3C8 /* WGAppUITests.swift */; };
		5FA47C8520BAF4300043B3C8 /* SideMenueVC.swift in Sources */ = {isa = PBXBuildFile; fileRef = 5FA47C8420BAF4300043B3C8 /* SideMenueVC.swift */; };
		5FA47C8720BAF9480043B3C8 /* HomeScreenVC.swift in Sources */ = {isa = PBXBuildFile; fileRef = 5FA47C8620BAF9480043B3C8 /* HomeScreenVC.swift */; };
		5FBD7CA620D3CF710007BBC3 /* BusSettingsController.swift in Sources */ = {isa = PBXBuildFile; fileRef = 5FBD7CA520D3CF710007BBC3 /* BusSettingsController.swift */; };
		5FBD7CEE20E015DC0007BBC3 /* DepartureRMV.swift in Sources */ = {isa = PBXBuildFile; fileRef = 5FBD7CED20E015DC0007BBC3 /* DepartureRMV.swift */; };
		5FC6852520E5299C00B37CF8 /* TripRMV.swift in Sources */ = {isa = PBXBuildFile; fileRef = 5FC6852420E5299C00B37CF8 /* TripRMV.swift */; };
		5FE2899320EE99DC0090193C /* UserSelectionVC.swift in Sources */ = {isa = PBXBuildFile; fileRef = 5FE2899220EE99DC0090193C /* UserSelectionVC.swift */; };
		5FE2899620EE9A040090193C /* Selection.storyboard in Resources */ = {isa = PBXBuildFile; fileRef = 5FE2899420EE9A040090193C /* Selection.storyboard */; };
		5FE289A420EF5EEA0090193C /* UserFavoritesVC.swift in Sources */ = {isa = PBXBuildFile; fileRef = 5FE289A320EF5EEA0090193C /* UserFavoritesVC.swift */; };
		5FE289AE20EF9D340090193C /* NoTripsVC.swift in Sources */ = {isa = PBXBuildFile; fileRef = 5FE289AD20EF9D340090193C /* NoTripsVC.swift */; };
		5FE289B020F11A610090193C /* Config.swift in Sources */ = {isa = PBXBuildFile; fileRef = 5FE289AF20F11A610090193C /* Config.swift */; };
		8F006BD020C5D69C005846EB /* WGApp.xcdatamodel in Sources */ = {isa = PBXBuildFile; fileRef = 8F006BCF20C5D69C005846EB /* WGApp.xcdatamodel */; };
		8F12379820D7E6100073AF5F /* UIUserIconPickerView.swift in Sources */ = {isa = PBXBuildFile; fileRef = 8F12379720D7E6100073AF5F /* UIUserIconPickerView.swift */; };
		8F12379A20D7F8E90073AF5F /* UserVC.swift in Sources */ = {isa = PBXBuildFile; fileRef = 8F12379920D7F8E90073AF5F /* UserVC.swift */; };
		8F31F46C20FB7B6100CEA6AB /* CheckMarkViewCell.swift in Sources */ = {isa = PBXBuildFile; fileRef = 8F31F46A20FB7B6100CEA6AB /* CheckMarkViewCell.swift */; };
		8F31F46D20FB7B6100CEA6AB /* CheckMarkViewCell.xib in Resources */ = {isa = PBXBuildFile; fileRef = 8F31F46B20FB7B6100CEA6AB /* CheckMarkViewCell.xib */; };
		8F31F46F20FB8DE100CEA6AB /* PurchasePriceViewController.swift in Sources */ = {isa = PBXBuildFile; fileRef = 8F31F46E20FB8DE100CEA6AB /* PurchasePriceViewController.swift */; };
		8F31F47120FBB2CA00CEA6AB /* PurchaseConfirmationViewController.swift in Sources */ = {isa = PBXBuildFile; fileRef = 8F31F47020FBB2CA00CEA6AB /* PurchaseConfirmationViewController.swift */; };
		8F31F48A20FBC4E200CEA6AB /* PutzSetting+CoreDataClass.swift in Sources */ = {isa = PBXBuildFile; fileRef = 8F31F47420FBC4E100CEA6AB /* PutzSetting+CoreDataClass.swift */; };
		8F31F48B20FBC4E200CEA6AB /* PutzSetting+CoreDataProperties.swift in Sources */ = {isa = PBXBuildFile; fileRef = 8F31F47520FBC4E100CEA6AB /* PutzSetting+CoreDataProperties.swift */; };
		8F31F48C20FBC4E200CEA6AB /* ListItem+CoreDataClass.swift in Sources */ = {isa = PBXBuildFile; fileRef = 8F31F47620FBC4E100CEA6AB /* ListItem+CoreDataClass.swift */; };
		8F31F48D20FBC4E200CEA6AB /* ListItem+CoreDataProperties.swift in Sources */ = {isa = PBXBuildFile; fileRef = 8F31F47720FBC4E100CEA6AB /* ListItem+CoreDataProperties.swift */; };
		8F31F48E20FBC4E200CEA6AB /* Profil+CoreDataClass.swift in Sources */ = {isa = PBXBuildFile; fileRef = 8F31F47820FBC4E100CEA6AB /* Profil+CoreDataClass.swift */; };
		8F31F48F20FBC4E200CEA6AB /* Profil+CoreDataProperties.swift in Sources */ = {isa = PBXBuildFile; fileRef = 8F31F47920FBC4E100CEA6AB /* Profil+CoreDataProperties.swift */; };
		8F31F49020FBC4E200CEA6AB /* Purchase+CoreDataClass.swift in Sources */ = {isa = PBXBuildFile; fileRef = 8F31F47A20FBC4E100CEA6AB /* Purchase+CoreDataClass.swift */; };
		8F31F49120FBC4E200CEA6AB /* Purchase+CoreDataProperties.swift in Sources */ = {isa = PBXBuildFile; fileRef = 8F31F47B20FBC4E100CEA6AB /* Purchase+CoreDataProperties.swift */; };
		8F31F49220FBC4E200CEA6AB /* HomeProfil+CoreDataClass.swift in Sources */ = {isa = PBXBuildFile; fileRef = 8F31F47C20FBC4E100CEA6AB /* HomeProfil+CoreDataClass.swift */; };
		8F31F49320FBC4E200CEA6AB /* HomeProfil+CoreDataProperties.swift in Sources */ = {isa = PBXBuildFile; fileRef = 8F31F47D20FBC4E100CEA6AB /* HomeProfil+CoreDataProperties.swift */; };
		8F31F49420FBC4E200CEA6AB /* StopLocation+CoreDataClass.swift in Sources */ = {isa = PBXBuildFile; fileRef = 8F31F47E20FBC4E200CEA6AB /* StopLocation+CoreDataClass.swift */; };
		8F31F49520FBC4E200CEA6AB /* StopLocation+CoreDataProperties.swift in Sources */ = {isa = PBXBuildFile; fileRef = 8F31F47F20FBC4E200CEA6AB /* StopLocation+CoreDataProperties.swift */; };
		8F31F49620FBC4E200CEA6AB /* BusSetting+CoreDataClass.swift in Sources */ = {isa = PBXBuildFile; fileRef = 8F31F48020FBC4E200CEA6AB /* BusSetting+CoreDataClass.swift */; };
		8F31F49720FBC4E200CEA6AB /* BusSetting+CoreDataProperties.swift in Sources */ = {isa = PBXBuildFile; fileRef = 8F31F48120FBC4E200CEA6AB /* BusSetting+CoreDataProperties.swift */; };
		8F31F49820FBC4E200CEA6AB /* User+CoreDataClass.swift in Sources */ = {isa = PBXBuildFile; fileRef = 8F31F48220FBC4E200CEA6AB /* User+CoreDataClass.swift */; };
		8F31F49920FBC4E200CEA6AB /* User+CoreDataProperties.swift in Sources */ = {isa = PBXBuildFile; fileRef = 8F31F48320FBC4E200CEA6AB /* User+CoreDataProperties.swift */; };
		8F31F49A20FBC4E200CEA6AB /* BusRoute+CoreDataClass.swift in Sources */ = {isa = PBXBuildFile; fileRef = 8F31F48420FBC4E200CEA6AB /* BusRoute+CoreDataClass.swift */; };
		8F31F49B20FBC4E200CEA6AB /* BusRoute+CoreDataProperties.swift in Sources */ = {isa = PBXBuildFile; fileRef = 8F31F48520FBC4E200CEA6AB /* BusRoute+CoreDataProperties.swift */; };
		8F31F49C20FBC4E200CEA6AB /* Debt+CoreDataClass.swift in Sources */ = {isa = PBXBuildFile; fileRef = 8F31F48620FBC4E200CEA6AB /* Debt+CoreDataClass.swift */; };
		8F31F49D20FBC4E200CEA6AB /* Debt+CoreDataProperties.swift in Sources */ = {isa = PBXBuildFile; fileRef = 8F31F48720FBC4E200CEA6AB /* Debt+CoreDataProperties.swift */; };
		8F31F49F20FBEDDA00CEA6AB /* UserMoneyVC.swift in Sources */ = {isa = PBXBuildFile; fileRef = 8F31F49E20FBEDD900CEA6AB /* UserMoneyVC.swift */; };
		8F367C2A20C57E1A00BEACA5 /* PersistenceService.swift in Sources */ = {isa = PBXBuildFile; fileRef = 8F367C2920C57E1A00BEACA5 /* PersistenceService.swift */; };
		8F37143820ED8CCA00F4B7B0 /* UserUIBarButtonItem.swift in Sources */ = {isa = PBXBuildFile; fileRef = 8F37143720ED8CCA00F4B7B0 /* UserUIBarButtonItem.swift */; };
		8F4399E820EB697000B063BB /* List.storyboard in Resources */ = {isa = PBXBuildFile; fileRef = 8F4399E620EB696F00B063BB /* List.storyboard */; };
		8F4399EA20EB6EBE00B063BB /* ListViewController.swift in Sources */ = {isa = PBXBuildFile; fileRef = 8F4399E920EB6EBE00B063BB /* ListViewController.swift */; };
		8F63293720EA68AD007175E8 /* UserCollectionViewCell.swift in Sources */ = {isa = PBXBuildFile; fileRef = 8F63293620EA68AD007175E8 /* UserCollectionViewCell.swift */; };
		8F792DC520FA490A00945EA2 /* PurchaseItemsViewController.swift in Sources */ = {isa = PBXBuildFile; fileRef = 8F792DC420FA490A00945EA2 /* PurchaseItemsViewController.swift */; };
/* End PBXBuildFile section */

/* Begin PBXContainerItemProxy section */
		5FA47C6520BAE9A60043B3C8 /* PBXContainerItemProxy */ = {
			isa = PBXContainerItemProxy;
			containerPortal = 5FA47C4820BAE9A50043B3C8 /* Project object */;
			proxyType = 1;
			remoteGlobalIDString = 5FA47C4F20BAE9A50043B3C8;
			remoteInfo = WGApp;
		};
		5FA47C7020BAE9A60043B3C8 /* PBXContainerItemProxy */ = {
			isa = PBXContainerItemProxy;
			containerPortal = 5FA47C4820BAE9A50043B3C8 /* Project object */;
			proxyType = 1;
			remoteGlobalIDString = 5FA47C4F20BAE9A50043B3C8;
			remoteInfo = WGApp;
		};
/* End PBXContainerItemProxy section */

/* Begin PBXFileReference section */
		5F09F19E20C6FED5008407F6 /* RMVApiController.swift */ = {isa = PBXFileReference; fileEncoding = 4; lastKnownFileType = sourcecode.swift; path = RMVApiController.swift; sourceTree = "<group>"; };
		5F09F1A020C6FEE5008407F6 /* BusProfileVC.swift */ = {isa = PBXFileReference; fileEncoding = 4; lastKnownFileType = sourcecode.swift; path = BusProfileVC.swift; sourceTree = "<group>"; };
		5F09F1A120C6FEE5008407F6 /* BusProfileEditVC.swift */ = {isa = PBXFileReference; fileEncoding = 4; lastKnownFileType = sourcecode.swift; path = BusProfileEditVC.swift; sourceTree = "<group>"; };
		5F09F1A520C6FF11008407F6 /* Departure.swift */ = {isa = PBXFileReference; fileEncoding = 4; lastKnownFileType = sourcecode.swift; path = Departure.swift; sourceTree = "<group>"; };
		5F09F1A620C6FF11008407F6 /* StopLocationRMV.swift */ = {isa = PBXFileReference; fileEncoding = 4; lastKnownFileType = sourcecode.swift; path = StopLocationRMV.swift; sourceTree = "<group>"; };
		5F09F1A820C6FF11008407F6 /* TripResponse.swift */ = {isa = PBXFileReference; fileEncoding = 4; lastKnownFileType = sourcecode.swift; path = TripResponse.swift; sourceTree = "<group>"; };
		5F09F1A920C6FF11008407F6 /* StopLocationResponse.swift */ = {isa = PBXFileReference; fileEncoding = 4; lastKnownFileType = sourcecode.swift; path = StopLocationResponse.swift; sourceTree = "<group>"; };
		5F09F1AA20C6FF11008407F6 /* DepartureResponse.swift */ = {isa = PBXFileReference; fileEncoding = 4; lastKnownFileType = sourcecode.swift; path = DepartureResponse.swift; sourceTree = "<group>"; };
		5F09F1B120C6FF5E008407F6 /* RouteTableViewCell.swift */ = {isa = PBXFileReference; fileEncoding = 4; lastKnownFileType = sourcecode.swift; path = RouteTableViewCell.swift; sourceTree = "<group>"; };
		5F09F1B220C6FF5E008407F6 /* UISearchTextField.swift */ = {isa = PBXFileReference; fileEncoding = 4; lastKnownFileType = sourcecode.swift; path = UISearchTextField.swift; sourceTree = "<group>"; };
		5F09F1B320C6FF5E008407F6 /* UIStopLocationSearchTextField.swift */ = {isa = PBXFileReference; fileEncoding = 4; lastKnownFileType = sourcecode.swift; path = UIStopLocationSearchTextField.swift; sourceTree = "<group>"; };
		5F09F1B720C70014008407F6 /* Bus.storyboard */ = {isa = PBXFileReference; fileEncoding = 4; lastKnownFileType = file.storyboard; path = Bus.storyboard; sourceTree = "<group>"; };
		5F09F1C520C70D22008407F6 /* RMVApiControllerTest.swift */ = {isa = PBXFileReference; fileEncoding = 4; lastKnownFileType = sourcecode.swift; path = RMVApiControllerTest.swift; sourceTree = "<group>"; };
		5F09F1C720C97FC2008407F6 /* BusprofileTableViewCell.swift */ = {isa = PBXFileReference; lastKnownFileType = sourcecode.swift; path = BusprofileTableViewCell.swift; sourceTree = "<group>"; };
		5F09F1C920CBD140008407F6 /* BusRouteEditVC.swift */ = {isa = PBXFileReference; lastKnownFileType = sourcecode.swift; path = BusRouteEditVC.swift; sourceTree = "<group>"; };
		5F0A8EB520F638EA00E06836 /* PutzProfilVC.swift */ = {isa = PBXFileReference; lastKnownFileType = sourcecode.swift; path = PutzProfilVC.swift; sourceTree = "<group>"; };
		5F0A8EB720F6396900E06836 /* PutzProfilEditVC.swift */ = {isa = PBXFileReference; lastKnownFileType = sourcecode.swift; path = PutzProfilEditVC.swift; sourceTree = "<group>"; };
		5F0A8EB920F6397B00E06836 /* PutzProfilCalenderVC.swift */ = {isa = PBXFileReference; lastKnownFileType = sourcecode.swift; path = PutzProfilCalenderVC.swift; sourceTree = "<group>"; };
		5F0A8EBC20F63ABD00E06836 /* Base */ = {isa = PBXFileReference; lastKnownFileType = file.storyboard; name = Base; path = WGApp/Base.lproj/PutzProfile.storyboard; sourceTree = "<group>"; };
		5F0A8EBF20F63F4D00E06836 /* PutzprofilTableVC.swift */ = {isa = PBXFileReference; lastKnownFileType = sourcecode.swift; path = PutzprofilTableVC.swift; sourceTree = "<group>"; };
		5F0A8EC120F63F6100E06836 /* PutzProfilEditDetailsVC.swift */ = {isa = PBXFileReference; lastKnownFileType = sourcecode.swift; path = PutzProfilEditDetailsVC.swift; sourceTree = "<group>"; };
		5F0A8EC320F6421C00E06836 /* PutzProfileTableViewCell.swift */ = {isa = PBXFileReference; lastKnownFileType = sourcecode.swift; path = PutzProfileTableViewCell.swift; sourceTree = "<group>"; };
		5F0A8EC520F6431F00E06836 /* PutzSettingsController.swift */ = {isa = PBXFileReference; lastKnownFileType = sourcecode.swift; path = PutzSettingsController.swift; sourceTree = "<group>"; };
		5F0A8EC720F7605A00E06836 /* CustomCollectionViewLayout.swift */ = {isa = PBXFileReference; fileEncoding = 4; lastKnownFileType = sourcecode.swift; path = CustomCollectionViewLayout.swift; sourceTree = "<group>"; };
		5F0A8EC820F7605A00E06836 /* CustomCollectionViewCell.swift */ = {isa = PBXFileReference; fileEncoding = 4; lastKnownFileType = sourcecode.swift; path = CustomCollectionViewCell.swift; sourceTree = "<group>"; };
		5F0A8EC920F7605B00E06836 /* CustomCollectionViewController.swift */ = {isa = PBXFileReference; fileEncoding = 4; lastKnownFileType = sourcecode.swift; path = CustomCollectionViewController.swift; sourceTree = "<group>"; };
		5F0A8ED520F81D4100E06836 /* PutzItemViewCell.swift */ = {isa = PBXFileReference; lastKnownFileType = sourcecode.swift; path = PutzItemViewCell.swift; sourceTree = "<group>"; };
		5F1D3B8C20FD0069001BDCD6 /* UIPutzItemPickerView.swift */ = {isa = PBXFileReference; lastKnownFileType = sourcecode.swift; path = UIPutzItemPickerView.swift; sourceTree = "<group>"; };
		5F1D3B8F20FD465E001BDCD6 /* Base */ = {isa = PBXFileReference; lastKnownFileType = file.storyboard; name = Base; path = WGApp/Base.lproj/ShowActPutzItems.storyboard; sourceTree = "<group>"; };
		5F1D3B9120FD479F001BDCD6 /* ShowActPutzItemsVC.swift */ = {isa = PBXFileReference; lastKnownFileType = sourcecode.swift; path = ShowActPutzItemsVC.swift; sourceTree = "<group>"; };
		5F1D3B9320FD497E001BDCD6 /* PutzWeekItem+CoreDataClass.swift */ = {isa = PBXFileReference; lastKnownFileType = sourcecode.swift; path = "PutzWeekItem+CoreDataClass.swift"; sourceTree = "<group>"; };
		5F1D3B9420FD497E001BDCD6 /* PutzWeekItem+CoreDataProperties.swift */ = {isa = PBXFileReference; lastKnownFileType = sourcecode.swift; path = "PutzWeekItem+CoreDataProperties.swift"; sourceTree = "<group>"; };
		5F44D62E20D01CA40014AB46 /* Image.swift */ = {isa = PBXFileReference; fileEncoding = 4; lastKnownFileType = sourcecode.swift; name = Image.swift; path = WGApp/Model/UserModels/Image.swift; sourceTree = SOURCE_ROOT; };
		5F44D63020D01CCA0014AB46 /* UserProfilEditVC.swift */ = {isa = PBXFileReference; fileEncoding = 4; lastKnownFileType = sourcecode.swift; name = UserProfilEditVC.swift; path = WGApp/Controller/user/UserProfilEditVC.swift; sourceTree = SOURCE_ROOT; };
		5F44D63120D01CCA0014AB46 /* UserProfilVC.swift */ = {isa = PBXFileReference; fileEncoding = 4; lastKnownFileType = sourcecode.swift; name = UserProfilVC.swift; path = WGApp/Controller/user/UserProfilVC.swift; sourceTree = SOURCE_ROOT; };
		5F44D63220D01CCA0014AB46 /* ChooseUserVC.swift */ = {isa = PBXFileReference; fileEncoding = 4; lastKnownFileType = sourcecode.swift; name = ChooseUserVC.swift; path = "WGApp/Controller/New Group/ChooseUserVC.swift"; sourceTree = SOURCE_ROOT; };
		5F44D63720D01D0D0014AB46 /* User.storyboard */ = {isa = PBXFileReference; fileEncoding = 4; lastKnownFileType = file.storyboard; name = User.storyboard; path = WGApp/View/user/User.storyboard; sourceTree = SOURCE_ROOT; };
		5F5BFEE920FA0ED200235D6F /* Colors.xcassets */ = {isa = PBXFileReference; lastKnownFileType = folder.assetcatalog; path = Colors.xcassets; sourceTree = "<group>"; };
		5F6204DA20E65E2500890135 /* ShowBusTripsSlideVC.swift */ = {isa = PBXFileReference; lastKnownFileType = sourcecode.swift; path = ShowBusTripsSlideVC.swift; sourceTree = "<group>"; };
		5F6204DC20E66E6B00890135 /* ShowBusTripsTableVC.swift */ = {isa = PBXFileReference; lastKnownFileType = sourcecode.swift; path = ShowBusTripsTableVC.swift; sourceTree = "<group>"; };
		5F639C4E20E682B8002CC7D4 /* BusTripTableViewCell.swift */ = {isa = PBXFileReference; lastKnownFileType = sourcecode.swift; path = BusTripTableViewCell.swift; sourceTree = "<group>"; };
		5F639C5020E68688002CC7D4 /* BusDepartureTableViewCell.swift */ = {isa = PBXFileReference; lastKnownFileType = sourcecode.swift; path = BusDepartureTableViewCell.swift; sourceTree = "<group>"; };
		5F639C5220E68781002CC7D4 /* ShowBusDepartureTableVC.swift */ = {isa = PBXFileReference; lastKnownFileType = sourcecode.swift; path = ShowBusDepartureTableVC.swift; sourceTree = "<group>"; };
		5F639C5420EA0E85002CC7D4 /* ShowBusTrips.storyboard */ = {isa = PBXFileReference; fileEncoding = 4; lastKnownFileType = file.storyboard; path = ShowBusTrips.storyboard; sourceTree = "<group>"; };
		5FA47C5020BAE9A50043B3C8 /* WGApp.app */ = {isa = PBXFileReference; explicitFileType = wrapper.application; includeInIndex = 0; path = WGApp.app; sourceTree = BUILT_PRODUCTS_DIR; };
		5FA47C5320BAE9A60043B3C8 /* AppDelegate.swift */ = {isa = PBXFileReference; lastKnownFileType = sourcecode.swift; path = AppDelegate.swift; sourceTree = "<group>"; };
		5FA47C5520BAE9A60043B3C8 /* ContainerVC.swift */ = {isa = PBXFileReference; lastKnownFileType = sourcecode.swift; path = ContainerVC.swift; sourceTree = "<group>"; };
		5FA47C5820BAE9A60043B3C8 /* Base */ = {isa = PBXFileReference; lastKnownFileType = file.storyboard; name = Base; path = Base.lproj/Main.storyboard; sourceTree = "<group>"; };
		5FA47C5A20BAE9A60043B3C8 /* Assets.xcassets */ = {isa = PBXFileReference; lastKnownFileType = folder.assetcatalog; path = Assets.xcassets; sourceTree = "<group>"; };
		5FA47C5D20BAE9A60043B3C8 /* Base */ = {isa = PBXFileReference; lastKnownFileType = file.storyboard; name = Base; path = Base.lproj/LaunchScreen.storyboard; sourceTree = "<group>"; };
		5FA47C5F20BAE9A60043B3C8 /* Info.plist */ = {isa = PBXFileReference; lastKnownFileType = text.plist.xml; path = Info.plist; sourceTree = "<group>"; };
		5FA47C6420BAE9A60043B3C8 /* WGAppTests.xctest */ = {isa = PBXFileReference; explicitFileType = wrapper.cfbundle; includeInIndex = 0; path = WGAppTests.xctest; sourceTree = BUILT_PRODUCTS_DIR; };
		5FA47C6820BAE9A60043B3C8 /* WGAppTests.swift */ = {isa = PBXFileReference; lastKnownFileType = sourcecode.swift; path = WGAppTests.swift; sourceTree = "<group>"; };
		5FA47C6A20BAE9A60043B3C8 /* Info.plist */ = {isa = PBXFileReference; lastKnownFileType = text.plist.xml; path = Info.plist; sourceTree = "<group>"; };
		5FA47C6F20BAE9A60043B3C8 /* WGAppUITests.xctest */ = {isa = PBXFileReference; explicitFileType = wrapper.cfbundle; includeInIndex = 0; path = WGAppUITests.xctest; sourceTree = BUILT_PRODUCTS_DIR; };
		5FA47C7320BAE9A60043B3C8 /* WGAppUITests.swift */ = {isa = PBXFileReference; lastKnownFileType = sourcecode.swift; path = WGAppUITests.swift; sourceTree = "<group>"; };
		5FA47C7520BAE9A60043B3C8 /* Info.plist */ = {isa = PBXFileReference; lastKnownFileType = text.plist.xml; path = Info.plist; sourceTree = "<group>"; };
		5FA47C8420BAF4300043B3C8 /* SideMenueVC.swift */ = {isa = PBXFileReference; lastKnownFileType = sourcecode.swift; path = SideMenueVC.swift; sourceTree = "<group>"; };
		5FA47C8620BAF9480043B3C8 /* HomeScreenVC.swift */ = {isa = PBXFileReference; lastKnownFileType = sourcecode.swift; path = HomeScreenVC.swift; sourceTree = "<group>"; };
		5FBD7CA520D3CF710007BBC3 /* BusSettingsController.swift */ = {isa = PBXFileReference; lastKnownFileType = sourcecode.swift; path = BusSettingsController.swift; sourceTree = "<group>"; };
		5FBD7CED20E015DC0007BBC3 /* DepartureRMV.swift */ = {isa = PBXFileReference; lastKnownFileType = sourcecode.swift; path = DepartureRMV.swift; sourceTree = "<group>"; };
		5FC6852420E5299C00B37CF8 /* TripRMV.swift */ = {isa = PBXFileReference; lastKnownFileType = sourcecode.swift; path = TripRMV.swift; sourceTree = "<group>"; };
		5FE2899220EE99DC0090193C /* UserSelectionVC.swift */ = {isa = PBXFileReference; lastKnownFileType = sourcecode.swift; path = UserSelectionVC.swift; sourceTree = "<group>"; };
		5FE2899520EE9A040090193C /* Base */ = {isa = PBXFileReference; lastKnownFileType = file.storyboard; name = Base; path = WGApp/Base.lproj/Selection.storyboard; sourceTree = "<group>"; };
		5FE289A320EF5EEA0090193C /* UserFavoritesVC.swift */ = {isa = PBXFileReference; lastKnownFileType = sourcecode.swift; path = UserFavoritesVC.swift; sourceTree = "<group>"; };
		5FE289AD20EF9D340090193C /* NoTripsVC.swift */ = {isa = PBXFileReference; lastKnownFileType = sourcecode.swift; path = NoTripsVC.swift; sourceTree = "<group>"; };
		5FE289AF20F11A610090193C /* Config.swift */ = {isa = PBXFileReference; lastKnownFileType = sourcecode.swift; path = Config.swift; sourceTree = "<group>"; };
		8F006BCF20C5D69C005846EB /* WGApp.xcdatamodel */ = {isa = PBXFileReference; lastKnownFileType = wrapper.xcdatamodel; path = WGApp.xcdatamodel; sourceTree = "<group>"; };
		8F12379720D7E6100073AF5F /* UIUserIconPickerView.swift */ = {isa = PBXFileReference; lastKnownFileType = sourcecode.swift; name = UIUserIconPickerView.swift; path = "WGApp/View/New Group/UIUserIconPickerView.swift"; sourceTree = SOURCE_ROOT; };
		8F12379920D7F8E90073AF5F /* UserVC.swift */ = {isa = PBXFileReference; lastKnownFileType = sourcecode.swift; name = UserVC.swift; path = "WGApp/Controller/New Group/UserVC.swift"; sourceTree = SOURCE_ROOT; };
		8F31F46A20FB7B6100CEA6AB /* CheckMarkViewCell.swift */ = {isa = PBXFileReference; lastKnownFileType = sourcecode.swift; name = CheckMarkViewCell.swift; path = WGApp/CheckMarkViewCell.swift; sourceTree = "<group>"; };
		8F31F46B20FB7B6100CEA6AB /* CheckMarkViewCell.xib */ = {isa = PBXFileReference; lastKnownFileType = file.xib; name = CheckMarkViewCell.xib; path = WGApp/CheckMarkViewCell.xib; sourceTree = "<group>"; };
		8F31F46E20FB8DE100CEA6AB /* PurchasePriceViewController.swift */ = {isa = PBXFileReference; lastKnownFileType = sourcecode.swift; path = PurchasePriceViewController.swift; sourceTree = "<group>"; };
		8F31F47020FBB2CA00CEA6AB /* PurchaseConfirmationViewController.swift */ = {isa = PBXFileReference; lastKnownFileType = sourcecode.swift; path = PurchaseConfirmationViewController.swift; sourceTree = "<group>"; };
		8F31F47420FBC4E100CEA6AB /* PutzSetting+CoreDataClass.swift */ = {isa = PBXFileReference; lastKnownFileType = sourcecode.swift; path = "PutzSetting+CoreDataClass.swift"; sourceTree = "<group>"; };
		8F31F47520FBC4E100CEA6AB /* PutzSetting+CoreDataProperties.swift */ = {isa = PBXFileReference; lastKnownFileType = sourcecode.swift; path = "PutzSetting+CoreDataProperties.swift"; sourceTree = "<group>"; };
		8F31F47620FBC4E100CEA6AB /* ListItem+CoreDataClass.swift */ = {isa = PBXFileReference; lastKnownFileType = sourcecode.swift; path = "ListItem+CoreDataClass.swift"; sourceTree = "<group>"; };
		8F31F47720FBC4E100CEA6AB /* ListItem+CoreDataProperties.swift */ = {isa = PBXFileReference; lastKnownFileType = sourcecode.swift; path = "ListItem+CoreDataProperties.swift"; sourceTree = "<group>"; };
		8F31F47820FBC4E100CEA6AB /* Profil+CoreDataClass.swift */ = {isa = PBXFileReference; lastKnownFileType = sourcecode.swift; path = "Profil+CoreDataClass.swift"; sourceTree = "<group>"; };
		8F31F47920FBC4E100CEA6AB /* Profil+CoreDataProperties.swift */ = {isa = PBXFileReference; lastKnownFileType = sourcecode.swift; path = "Profil+CoreDataProperties.swift"; sourceTree = "<group>"; };
		8F31F47A20FBC4E100CEA6AB /* Purchase+CoreDataClass.swift */ = {isa = PBXFileReference; lastKnownFileType = sourcecode.swift; path = "Purchase+CoreDataClass.swift"; sourceTree = "<group>"; };
		8F31F47B20FBC4E100CEA6AB /* Purchase+CoreDataProperties.swift */ = {isa = PBXFileReference; lastKnownFileType = sourcecode.swift; path = "Purchase+CoreDataProperties.swift"; sourceTree = "<group>"; };
		8F31F47C20FBC4E100CEA6AB /* HomeProfil+CoreDataClass.swift */ = {isa = PBXFileReference; lastKnownFileType = sourcecode.swift; path = "HomeProfil+CoreDataClass.swift"; sourceTree = "<group>"; };
		8F31F47D20FBC4E100CEA6AB /* HomeProfil+CoreDataProperties.swift */ = {isa = PBXFileReference; lastKnownFileType = sourcecode.swift; path = "HomeProfil+CoreDataProperties.swift"; sourceTree = "<group>"; };
		8F31F47E20FBC4E200CEA6AB /* StopLocation+CoreDataClass.swift */ = {isa = PBXFileReference; lastKnownFileType = sourcecode.swift; path = "StopLocation+CoreDataClass.swift"; sourceTree = "<group>"; };
		8F31F47F20FBC4E200CEA6AB /* StopLocation+CoreDataProperties.swift */ = {isa = PBXFileReference; lastKnownFileType = sourcecode.swift; path = "StopLocation+CoreDataProperties.swift"; sourceTree = "<group>"; };
		8F31F48020FBC4E200CEA6AB /* BusSetting+CoreDataClass.swift */ = {isa = PBXFileReference; lastKnownFileType = sourcecode.swift; path = "BusSetting+CoreDataClass.swift"; sourceTree = "<group>"; };
		8F31F48120FBC4E200CEA6AB /* BusSetting+CoreDataProperties.swift */ = {isa = PBXFileReference; lastKnownFileType = sourcecode.swift; path = "BusSetting+CoreDataProperties.swift"; sourceTree = "<group>"; };
		8F31F48220FBC4E200CEA6AB /* User+CoreDataClass.swift */ = {isa = PBXFileReference; lastKnownFileType = sourcecode.swift; path = "User+CoreDataClass.swift"; sourceTree = "<group>"; };
		8F31F48320FBC4E200CEA6AB /* User+CoreDataProperties.swift */ = {isa = PBXFileReference; lastKnownFileType = sourcecode.swift; path = "User+CoreDataProperties.swift"; sourceTree = "<group>"; };
		8F31F48420FBC4E200CEA6AB /* BusRoute+CoreDataClass.swift */ = {isa = PBXFileReference; lastKnownFileType = sourcecode.swift; path = "BusRoute+CoreDataClass.swift"; sourceTree = "<group>"; };
		8F31F48520FBC4E200CEA6AB /* BusRoute+CoreDataProperties.swift */ = {isa = PBXFileReference; lastKnownFileType = sourcecode.swift; path = "BusRoute+CoreDataProperties.swift"; sourceTree = "<group>"; };
		8F31F48620FBC4E200CEA6AB /* Debt+CoreDataClass.swift */ = {isa = PBXFileReference; lastKnownFileType = sourcecode.swift; path = "Debt+CoreDataClass.swift"; sourceTree = "<group>"; };
		8F31F48720FBC4E200CEA6AB /* Debt+CoreDataProperties.swift */ = {isa = PBXFileReference; lastKnownFileType = sourcecode.swift; path = "Debt+CoreDataProperties.swift"; sourceTree = "<group>"; };
		8F31F49E20FBEDD900CEA6AB /* UserMoneyVC.swift */ = {isa = PBXFileReference; lastKnownFileType = sourcecode.swift; path = UserMoneyVC.swift; sourceTree = "<group>"; };
		8F367C2920C57E1A00BEACA5 /* PersistenceService.swift */ = {isa = PBXFileReference; lastKnownFileType = sourcecode.swift; path = PersistenceService.swift; sourceTree = "<group>"; };
		8F37143720ED8CCA00F4B7B0 /* UserUIBarButtonItem.swift */ = {isa = PBXFileReference; lastKnownFileType = sourcecode.swift; path = UserUIBarButtonItem.swift; sourceTree = "<group>"; };
		8F4399E720EB696F00B063BB /* Base */ = {isa = PBXFileReference; lastKnownFileType = file.storyboard; name = Base; path = WGApp/Base.lproj/List.storyboard; sourceTree = "<group>"; };
		8F4399E920EB6EBE00B063BB /* ListViewController.swift */ = {isa = PBXFileReference; lastKnownFileType = sourcecode.swift; path = ListViewController.swift; sourceTree = "<group>"; };
		8F63293620EA68AD007175E8 /* UserCollectionViewCell.swift */ = {isa = PBXFileReference; lastKnownFileType = sourcecode.swift; name = UserCollectionViewCell.swift; path = "WGApp/View/New Group/UserCollectionViewCell.swift"; sourceTree = SOURCE_ROOT; };
		8F792DC420FA490A00945EA2 /* PurchaseItemsViewController.swift */ = {isa = PBXFileReference; lastKnownFileType = sourcecode.swift; path = PurchaseItemsViewController.swift; sourceTree = "<group>"; };
/* End PBXFileReference section */

/* Begin PBXFrameworksBuildPhase section */
		5FA47C4D20BAE9A50043B3C8 /* Frameworks */ = {
			isa = PBXFrameworksBuildPhase;
			buildActionMask = 2147483647;
			files = (
			);
			runOnlyForDeploymentPostprocessing = 0;
		};
		5FA47C6120BAE9A60043B3C8 /* Frameworks */ = {
			isa = PBXFrameworksBuildPhase;
			buildActionMask = 2147483647;
			files = (
			);
			runOnlyForDeploymentPostprocessing = 0;
		};
		5FA47C6C20BAE9A60043B3C8 /* Frameworks */ = {
			isa = PBXFrameworksBuildPhase;
			buildActionMask = 2147483647;
			files = (
			);
			runOnlyForDeploymentPostprocessing = 0;
		};
/* End PBXFrameworksBuildPhase section */

/* Begin PBXGroup section */
		5F09F19C20C6FE53008407F6 /* BusProfile */ = {
			isa = PBXGroup;
			children = (
				5FBD7CA520D3CF710007BBC3 /* BusSettingsController.swift */,
				5F09F1A020C6FEE5008407F6 /* BusProfileVC.swift */,
				5F09F1C920CBD140008407F6 /* BusRouteEditVC.swift */,
				5F09F1A120C6FEE5008407F6 /* BusProfileEditVC.swift */,
				5F6204DA20E65E2500890135 /* ShowBusTripsSlideVC.swift */,
				5F6204DC20E66E6B00890135 /* ShowBusTripsTableVC.swift */,
				5F639C5220E68781002CC7D4 /* ShowBusDepartureTableVC.swift */,
				5FE289AD20EF9D340090193C /* NoTripsVC.swift */,
				5F09F19D20C6FE76008407F6 /* RMVApiController */,
			);
			path = BusProfile;
			sourceTree = "<group>";
		};
		5F09F19D20C6FE76008407F6 /* RMVApiController */ = {
			isa = PBXGroup;
			children = (
				5F09F19E20C6FED5008407F6 /* RMVApiController.swift */,
			);
			path = RMVApiController;
			sourceTree = "<group>";
		};
		5F09F1A420C6FEF9008407F6 /* RMVApiModels */ = {
			isa = PBXGroup;
			children = (
				5F09F1A520C6FF11008407F6 /* Departure.swift */,
				5F09F1AA20C6FF11008407F6 /* DepartureResponse.swift */,
				5F09F1A620C6FF11008407F6 /* StopLocationRMV.swift */,
				5F09F1A920C6FF11008407F6 /* StopLocationResponse.swift */,
				5F09F1A820C6FF11008407F6 /* TripResponse.swift */,
				5FBD7CED20E015DC0007BBC3 /* DepartureRMV.swift */,
				5FC6852420E5299C00B37CF8 /* TripRMV.swift */,
			);
			path = RMVApiModels;
			sourceTree = "<group>";
		};
		5F0A8EB420F638C300E06836 /* PutzProfile */ = {
			isa = PBXGroup;
			children = (
				5F0A8EC820F7605A00E06836 /* CustomCollectionViewCell.swift */,
				5F0A8EC920F7605B00E06836 /* CustomCollectionViewController.swift */,
				5F0A8EC720F7605A00E06836 /* CustomCollectionViewLayout.swift */,
				5F0A8EC520F6431F00E06836 /* PutzSettingsController.swift */,
				5F0A8EB520F638EA00E06836 /* PutzProfilVC.swift */,
				5F0A8EB920F6397B00E06836 /* PutzProfilCalenderVC.swift */,
				5F0A8EB720F6396900E06836 /* PutzProfilEditVC.swift */,
				5F0A8EBF20F63F4D00E06836 /* PutzprofilTableVC.swift */,
				5F0A8EC120F63F6100E06836 /* PutzProfilEditDetailsVC.swift */,
				5F1D3B9120FD479F001BDCD6 /* ShowActPutzItemsVC.swift */,
			);
			path = PutzProfile;
			sourceTree = "<group>";
		};
		5F0A8EBE20F63B2800E06836 /* PutzProfile */ = {
			isa = PBXGroup;
			children = (
				5F1D3B8E20FD465E001BDCD6 /* ShowActPutzItems.storyboard */,
				5F0A8EBB20F63ABD00E06836 /* PutzProfile.storyboard */,
				5F1D3B8C20FD0069001BDCD6 /* UIPutzItemPickerView.swift */,
				5F0A8EC320F6421C00E06836 /* PutzProfileTableViewCell.swift */,
				5F0A8ED520F81D4100E06836 /* PutzItemViewCell.swift */,
			);
			path = PutzProfile;
			sourceTree = "<group>";
		};
		5F44D62D20D01C890014AB46 /* User */ = {
			isa = PBXGroup;
			children = (
				5F44D63220D01CCA0014AB46 /* ChooseUserVC.swift */,
				8F12379920D7F8E90073AF5F /* UserVC.swift */,
				5F44D63120D01CCA0014AB46 /* UserProfilVC.swift */,
				5F44D63020D01CCA0014AB46 /* UserProfilEditVC.swift */,
				5FE289A320EF5EEA0090193C /* UserFavoritesVC.swift */,
				8F31F49E20FBEDD900CEA6AB /* UserMoneyVC.swift */,
			);
			name = User;
			path = "New Group";
			sourceTree = "<group>";
		};
		5F44D63620D01CE00014AB46 /* User */ = {
			isa = PBXGroup;
			children = (
				5F44D63720D01D0D0014AB46 /* User.storyboard */,
				8F63293620EA68AD007175E8 /* UserCollectionViewCell.swift */,
				8F12379720D7E6100073AF5F /* UIUserIconPickerView.swift */,
			);
			name = User;
			path = "New Group";
			sourceTree = "<group>";
		};
		5F44D63920D01F190014AB46 /* BusProfile */ = {
			isa = PBXGroup;
			children = (
				5F639C5420EA0E85002CC7D4 /* ShowBusTrips.storyboard */,
				5F09F1B720C70014008407F6 /* Bus.storyboard */,
				5F09F1B220C6FF5E008407F6 /* UISearchTextField.swift */,
				5F09F1B320C6FF5E008407F6 /* UIStopLocationSearchTextField.swift */,
				5F09F1C720C97FC2008407F6 /* BusprofileTableViewCell.swift */,
				5F09F1B120C6FF5E008407F6 /* RouteTableViewCell.swift */,
				5F639C4E20E682B8002CC7D4 /* BusTripTableViewCell.swift */,
				5F639C5020E68688002CC7D4 /* BusDepartureTableViewCell.swift */,
			);
			path = BusProfile;
			sourceTree = "<group>";
		};
		5F5BFEE820FA0C9700235D6F /* Ressources */ = {
			isa = PBXGroup;
			children = (
				5F5BFEE920FA0ED200235D6F /* Colors.xcassets */,
			);
			path = Ressources;
			sourceTree = "<group>";
		};
		5FA47C4720BAE9A50043B3C8 = {
			isa = PBXGroup;
			children = (
				5FA47C5220BAE9A50043B3C8 /* WGApp */,
				5FA47C6720BAE9A60043B3C8 /* WGAppTests */,
				5FA47C7220BAE9A60043B3C8 /* WGAppUITests */,
				5FA47C5120BAE9A50043B3C8 /* Products */,
			);
			sourceTree = "<group>";
		};
		5FA47C5120BAE9A50043B3C8 /* Products */ = {
			isa = PBXGroup;
			children = (
				5FA47C5020BAE9A50043B3C8 /* WGApp.app */,
				5FA47C6420BAE9A60043B3C8 /* WGAppTests.xctest */,
				5FA47C6F20BAE9A60043B3C8 /* WGAppUITests.xctest */,
			);
			name = Products;
			sourceTree = "<group>";
		};
		5FA47C5220BAE9A50043B3C8 /* WGApp */ = {
			isa = PBXGroup;
			children = (
				5F5BFEE820FA0C9700235D6F /* Ressources */,
				5FA47C8320BAEA400043B3C8 /* Controller */,
				5FA47C8220BAEA2B0043B3C8 /* View */,
				5FA47C8120BAEA0F0043B3C8 /* Model */,
				5FE289AF20F11A610090193C /* Config.swift */,
				5FA47C8420BAF4300043B3C8 /* SideMenueVC.swift */,
				5FA47C5520BAE9A60043B3C8 /* ContainerVC.swift */,
				5FA47C8620BAF9480043B3C8 /* HomeScreenVC.swift */,
				5FA47C5720BAE9A60043B3C8 /* Main.storyboard */,
				5FA47C5A20BAE9A60043B3C8 /* Assets.xcassets */,
				5FA47C5320BAE9A60043B3C8 /* AppDelegate.swift */,
				8F367C2920C57E1A00BEACA5 /* PersistenceService.swift */,
				5FA47C5C20BAE9A60043B3C8 /* LaunchScreen.storyboard */,
				5FA47C5F20BAE9A60043B3C8 /* Info.plist */,
			);
			path = WGApp;
			sourceTree = "<group>";
		};
		5FA47C6720BAE9A60043B3C8 /* WGAppTests */ = {
			isa = PBXGroup;
			children = (
				5FA47C6820BAE9A60043B3C8 /* WGAppTests.swift */,
				5F09F1C520C70D22008407F6 /* RMVApiControllerTest.swift */,
				5FA47C6A20BAE9A60043B3C8 /* Info.plist */,
			);
			path = WGAppTests;
			sourceTree = "<group>";
		};
		5FA47C7220BAE9A60043B3C8 /* WGAppUITests */ = {
			isa = PBXGroup;
			children = (
				5FA47C7320BAE9A60043B3C8 /* WGAppUITests.swift */,
				5FA47C7520BAE9A60043B3C8 /* Info.plist */,
			);
			path = WGAppUITests;
			sourceTree = "<group>";
		};
		5FA47C8120BAEA0F0043B3C8 /* Model */ = {
			isa = PBXGroup;
			children = (
				5F09F1A420C6FEF9008407F6 /* RMVApiModels */,
				8F12379B20D7F90E0073AF5F /* UserModels */,
				8F006BCF20C5D69C005846EB /* WGApp.xcdatamodel */,
				8F12379C20D7F9A60073AF5F /* CoreDataModels */,
			);
			path = Model;
			sourceTree = "<group>";
		};
		5FA47C8220BAEA2B0043B3C8 /* View */ = {
			isa = PBXGroup;
			children = (
				5FE2899420EE9A040090193C /* Selection.storyboard */,
				8F4399E420EB693500B063BB /* List */,
				5F44D63920D01F190014AB46 /* BusProfile */,
				5F44D63620D01CE00014AB46 /* User */,
				8F37143720ED8CCA00F4B7B0 /* UserUIBarButtonItem.swift */,
				5F0A8EBE20F63B2800E06836 /* PutzProfile */,
			);
			path = View;
			sourceTree = "<group>";
		};
		5FA47C8320BAEA400043B3C8 /* Controller */ = {
			isa = PBXGroup;
			children = (
				5FE2899220EE99DC0090193C /* UserSelectionVC.swift */,
				8F4399E520EB694800B063BB /* List */,
				5F09F19C20C6FE53008407F6 /* BusProfile */,
				5F44D62D20D01C890014AB46 /* User */,
				5F0A8EB420F638C300E06836 /* PutzProfile */,
			);
			path = Controller;
			sourceTree = "<group>";
		};
		8F12379B20D7F90E0073AF5F /* UserModels */ = {
			isa = PBXGroup;
			children = (
				5F44D62E20D01CA40014AB46 /* Image.swift */,
			);
			path = UserModels;
			sourceTree = "<group>";
		};
		8F12379C20D7F9A60073AF5F /* CoreDataModels */ = {
			isa = PBXGroup;
			children = (
				5F1D3B9320FD497E001BDCD6 /* PutzWeekItem+CoreDataClass.swift */,
				5F1D3B9420FD497E001BDCD6 /* PutzWeekItem+CoreDataProperties.swift */,
				8F31F47420FBC4E100CEA6AB /* PutzSetting+CoreDataClass.swift */,
				8F31F47520FBC4E100CEA6AB /* PutzSetting+CoreDataProperties.swift */,
				8F31F47620FBC4E100CEA6AB /* ListItem+CoreDataClass.swift */,
				8F31F47720FBC4E100CEA6AB /* ListItem+CoreDataProperties.swift */,
				8F31F47820FBC4E100CEA6AB /* Profil+CoreDataClass.swift */,
				8F31F47920FBC4E100CEA6AB /* Profil+CoreDataProperties.swift */,
				8F31F47A20FBC4E100CEA6AB /* Purchase+CoreDataClass.swift */,
				8F31F47B20FBC4E100CEA6AB /* Purchase+CoreDataProperties.swift */,
				8F31F47C20FBC4E100CEA6AB /* HomeProfil+CoreDataClass.swift */,
				8F31F47D20FBC4E100CEA6AB /* HomeProfil+CoreDataProperties.swift */,
				8F31F47E20FBC4E200CEA6AB /* StopLocation+CoreDataClass.swift */,
				8F31F47F20FBC4E200CEA6AB /* StopLocation+CoreDataProperties.swift */,
				8F31F48020FBC4E200CEA6AB /* BusSetting+CoreDataClass.swift */,
				8F31F48120FBC4E200CEA6AB /* BusSetting+CoreDataProperties.swift */,
				8F31F48220FBC4E200CEA6AB /* User+CoreDataClass.swift */,
				8F31F48320FBC4E200CEA6AB /* User+CoreDataProperties.swift */,
				8F31F48420FBC4E200CEA6AB /* BusRoute+CoreDataClass.swift */,
				8F31F48520FBC4E200CEA6AB /* BusRoute+CoreDataProperties.swift */,
				8F31F48620FBC4E200CEA6AB /* Debt+CoreDataClass.swift */,
				8F31F48720FBC4E200CEA6AB /* Debt+CoreDataProperties.swift */,
			);
			path = CoreDataModels;
			sourceTree = "<group>";
		};
		8F4399E420EB693500B063BB /* List */ = {
			isa = PBXGroup;
			children = (
				8F4399E620EB696F00B063BB /* List.storyboard */,
				8F31F46A20FB7B6100CEA6AB /* CheckMarkViewCell.swift */,
				8F31F46B20FB7B6100CEA6AB /* CheckMarkViewCell.xib */,
			);
			path = List;
			sourceTree = "<group>";
		};
		8F4399E520EB694800B063BB /* List */ = {
			isa = PBXGroup;
			children = (
				8F4399E920EB6EBE00B063BB /* ListViewController.swift */,
				8F792DC420FA490A00945EA2 /* PurchaseItemsViewController.swift */,
				8F31F46E20FB8DE100CEA6AB /* PurchasePriceViewController.swift */,
				8F31F47020FBB2CA00CEA6AB /* PurchaseConfirmationViewController.swift */,
			);
			path = List;
			sourceTree = "<group>";
		};
/* End PBXGroup section */

/* Begin PBXNativeTarget section */
		5FA47C4F20BAE9A50043B3C8 /* WGApp */ = {
			isa = PBXNativeTarget;
			buildConfigurationList = 5FA47C7820BAE9A60043B3C8 /* Build configuration list for PBXNativeTarget "WGApp" */;
			buildPhases = (
				5FA47C4C20BAE9A50043B3C8 /* Sources */,
				5FA47C4D20BAE9A50043B3C8 /* Frameworks */,
				5FA47C4E20BAE9A50043B3C8 /* Resources */,
			);
			buildRules = (
			);
			dependencies = (
			);
			name = WGApp;
			productName = WGApp;
			productReference = 5FA47C5020BAE9A50043B3C8 /* WGApp.app */;
			productType = "com.apple.product-type.application";
		};
		5FA47C6320BAE9A60043B3C8 /* WGAppTests */ = {
			isa = PBXNativeTarget;
			buildConfigurationList = 5FA47C7B20BAE9A60043B3C8 /* Build configuration list for PBXNativeTarget "WGAppTests" */;
			buildPhases = (
				5FA47C6020BAE9A60043B3C8 /* Sources */,
				5FA47C6120BAE9A60043B3C8 /* Frameworks */,
				5FA47C6220BAE9A60043B3C8 /* Resources */,
			);
			buildRules = (
			);
			dependencies = (
				5FA47C6620BAE9A60043B3C8 /* PBXTargetDependency */,
			);
			name = WGAppTests;
			productName = WGAppTests;
			productReference = 5FA47C6420BAE9A60043B3C8 /* WGAppTests.xctest */;
			productType = "com.apple.product-type.bundle.unit-test";
		};
		5FA47C6E20BAE9A60043B3C8 /* WGAppUITests */ = {
			isa = PBXNativeTarget;
			buildConfigurationList = 5FA47C7E20BAE9A60043B3C8 /* Build configuration list for PBXNativeTarget "WGAppUITests" */;
			buildPhases = (
				5FA47C6B20BAE9A60043B3C8 /* Sources */,
				5FA47C6C20BAE9A60043B3C8 /* Frameworks */,
				5FA47C6D20BAE9A60043B3C8 /* Resources */,
			);
			buildRules = (
			);
			dependencies = (
				5FA47C7120BAE9A60043B3C8 /* PBXTargetDependency */,
			);
			name = WGAppUITests;
			productName = WGAppUITests;
			productReference = 5FA47C6F20BAE9A60043B3C8 /* WGAppUITests.xctest */;
			productType = "com.apple.product-type.bundle.ui-testing";
		};
/* End PBXNativeTarget section */

/* Begin PBXProject section */
		5FA47C4820BAE9A50043B3C8 /* Project object */ = {
			isa = PBXProject;
			attributes = {
				LastSwiftUpdateCheck = 0930;
				LastUpgradeCheck = 0930;
				ORGANIZATIONNAME = "Viviane Rehor";
				TargetAttributes = {
					5FA47C4F20BAE9A50043B3C8 = {
						CreatedOnToolsVersion = 9.3;
					};
					5FA47C6320BAE9A60043B3C8 = {
						CreatedOnToolsVersion = 9.3;
						TestTargetID = 5FA47C4F20BAE9A50043B3C8;
					};
					5FA47C6E20BAE9A60043B3C8 = {
						CreatedOnToolsVersion = 9.3;
						TestTargetID = 5FA47C4F20BAE9A50043B3C8;
					};
				};
			};
			buildConfigurationList = 5FA47C4B20BAE9A50043B3C8 /* Build configuration list for PBXProject "WGApp" */;
			compatibilityVersion = "Xcode 9.3";
			developmentRegion = en;
			hasScannedForEncodings = 0;
			knownRegions = (
				en,
				Base,
			);
			mainGroup = 5FA47C4720BAE9A50043B3C8;
			productRefGroup = 5FA47C5120BAE9A50043B3C8 /* Products */;
			projectDirPath = "";
			projectRoot = "";
			targets = (
				5FA47C4F20BAE9A50043B3C8 /* WGApp */,
				5FA47C6320BAE9A60043B3C8 /* WGAppTests */,
				5FA47C6E20BAE9A60043B3C8 /* WGAppUITests */,
			);
		};
/* End PBXProject section */

/* Begin PBXResourcesBuildPhase section */
		5FA47C4E20BAE9A50043B3C8 /* Resources */ = {
			isa = PBXResourcesBuildPhase;
			buildActionMask = 2147483647;
			files = (
				5F1D3B9020FD465E001BDCD6 /* ShowActPutzItems.storyboard in Resources */,
				5FA47C5E20BAE9A60043B3C8 /* LaunchScreen.storyboard in Resources */,
				5FE2899620EE9A040090193C /* Selection.storyboard in Resources */,
				8F4399E820EB697000B063BB /* List.storyboard in Resources */,
				5FA47C5B20BAE9A60043B3C8 /* Assets.xcassets in Resources */,
				5F0A8EBD20F63ABD00E06836 /* PutzProfile.storyboard in Resources */,
				5F5BFEEA20FA0ED200235D6F /* Colors.xcassets in Resources */,
				5F09F1B820C70014008407F6 /* Bus.storyboard in Resources */,
				8F31F46D20FB7B6100CEA6AB /* CheckMarkViewCell.xib in Resources */,
				5FA47C5920BAE9A60043B3C8 /* Main.storyboard in Resources */,
				5F44D63820D01D0D0014AB46 /* User.storyboard in Resources */,
				5F639C5520EA0E86002CC7D4 /* ShowBusTrips.storyboard in Resources */,
			);
			runOnlyForDeploymentPostprocessing = 0;
		};
		5FA47C6220BAE9A60043B3C8 /* Resources */ = {
			isa = PBXResourcesBuildPhase;
			buildActionMask = 2147483647;
			files = (
			);
			runOnlyForDeploymentPostprocessing = 0;
		};
		5FA47C6D20BAE9A60043B3C8 /* Resources */ = {
			isa = PBXResourcesBuildPhase;
			buildActionMask = 2147483647;
			files = (
			);
			runOnlyForDeploymentPostprocessing = 0;
		};
/* End PBXResourcesBuildPhase section */

/* Begin PBXSourcesBuildPhase section */
		5FA47C4C20BAE9A50043B3C8 /* Sources */ = {
			isa = PBXSourcesBuildPhase;
			buildActionMask = 2147483647;
			files = (
				8F31F49920FBC4E200CEA6AB /* User+CoreDataProperties.swift in Sources */,
				5F0A8EC420F6421C00E06836 /* PutzProfileTableViewCell.swift in Sources */,
				8F31F48C20FBC4E200CEA6AB /* ListItem+CoreDataClass.swift in Sources */,
				8F31F49320FBC4E200CEA6AB /* HomeProfil+CoreDataProperties.swift in Sources */,
				5FBD7CEE20E015DC0007BBC3 /* DepartureRMV.swift in Sources */,
				8F31F48D20FBC4E200CEA6AB /* ListItem+CoreDataProperties.swift in Sources */,
				8F792DC520FA490A00945EA2 /* PurchaseItemsViewController.swift in Sources */,
				5F09F1AE20C6FF12008407F6 /* TripResponse.swift in Sources */,
				5F09F1B420C6FF5E008407F6 /* RouteTableViewCell.swift in Sources */,
				5F44D63420D01CCA0014AB46 /* UserProfilVC.swift in Sources */,
				5F09F1AF20C6FF12008407F6 /* StopLocationResponse.swift in Sources */,
				8F367C2A20C57E1A00BEACA5 /* PersistenceService.swift in Sources */,
				8F31F49720FBC4E200CEA6AB /* BusSetting+CoreDataProperties.swift in Sources */,
				5FA47C5620BAE9A60043B3C8 /* ContainerVC.swift in Sources */,
				8F31F49820FBC4E200CEA6AB /* User+CoreDataClass.swift in Sources */,
				5F09F1CA20CBD140008407F6 /* BusRouteEditVC.swift in Sources */,
				5F09F19F20C6FED5008407F6 /* RMVApiController.swift in Sources */,
				8F4399EA20EB6EBE00B063BB /* ListViewController.swift in Sources */,
				5F09F1B020C6FF12008407F6 /* DepartureResponse.swift in Sources */,
				5F0A8ED620F81D4100E06836 /* PutzItemViewCell.swift in Sources */,
				8F31F47120FBB2CA00CEA6AB /* PurchaseConfirmationViewController.swift in Sources */,
				5F44D62F20D01CA40014AB46 /* Image.swift in Sources */,
				8F31F48E20FBC4E200CEA6AB /* Profil+CoreDataClass.swift in Sources */,
				5FA47C5420BAE9A60043B3C8 /* AppDelegate.swift in Sources */,
				5FBD7CA620D3CF710007BBC3 /* BusSettingsController.swift in Sources */,
				5F1D3B8D20FD0069001BDCD6 /* UIPutzItemPickerView.swift in Sources */,
				8F31F49A20FBC4E200CEA6AB /* BusRoute+CoreDataClass.swift in Sources */,
				8F31F49020FBC4E200CEA6AB /* Purchase+CoreDataClass.swift in Sources */,
				5FE289A420EF5EEA0090193C /* UserFavoritesVC.swift in Sources */,
				5F09F1A320C6FEE5008407F6 /* BusProfileEditVC.swift in Sources */,
				5F6204DB20E65E2500890135 /* ShowBusTripsSlideVC.swift in Sources */,
				5F44D63520D01CCA0014AB46 /* ChooseUserVC.swift in Sources */,
				5F0A8EB820F6396900E06836 /* PutzProfilEditVC.swift in Sources */,
				5F09F1AC20C6FF12008407F6 /* StopLocationRMV.swift in Sources */,
				5F09F1B620C6FF5E008407F6 /* UIStopLocationSearchTextField.swift in Sources */,
				5F09F1C820C97FC2008407F6 /* BusprofileTableViewCell.swift in Sources */,
				8F63293720EA68AD007175E8 /* UserCollectionViewCell.swift in Sources */,
				5F639C4F20E682B8002CC7D4 /* BusTripTableViewCell.swift in Sources */,
				5FE289AE20EF9D340090193C /* NoTripsVC.swift in Sources */,
				5FC6852520E5299C00B37CF8 /* TripRMV.swift in Sources */,
				8F31F49220FBC4E200CEA6AB /* HomeProfil+CoreDataClass.swift in Sources */,
				5F1D3B9620FD497E001BDCD6 /* PutzWeekItem+CoreDataProperties.swift in Sources */,
				5F639C5120E68688002CC7D4 /* BusDepartureTableViewCell.swift in Sources */,
				8F12379A20D7F8E90073AF5F /* UserVC.swift in Sources */,
				5F0A8EC620F6431F00E06836 /* PutzSettingsController.swift in Sources */,
				5F09F1AB20C6FF12008407F6 /* Departure.swift in Sources */,
				8F31F48B20FBC4E200CEA6AB /* PutzSetting+CoreDataProperties.swift in Sources */,
				8F006BD020C5D69C005846EB /* WGApp.xcdatamodel in Sources */,
				5FA47C8520BAF4300043B3C8 /* SideMenueVC.swift in Sources */,
				8F37143820ED8CCA00F4B7B0 /* UserUIBarButtonItem.swift in Sources */,
				5F0A8EC220F63F6100E06836 /* PutzProfilEditDetailsVC.swift in Sources */,
				5F09F1B520C6FF5E008407F6 /* UISearchTextField.swift in Sources */,
				5FE2899320EE99DC0090193C /* UserSelectionVC.swift in Sources */,
				8F31F49520FBC4E200CEA6AB /* StopLocation+CoreDataProperties.swift in Sources */,
				5F0A8ECC20F7605B00E06836 /* CustomCollectionViewController.swift in Sources */,
				8F31F46F20FB8DE100CEA6AB /* PurchasePriceViewController.swift in Sources */,
				5F0A8EBA20F6397B00E06836 /* PutzProfilCalenderVC.swift in Sources */,
				5F1D3B9220FD479F001BDCD6 /* ShowActPutzItemsVC.swift in Sources */,
				8F31F49D20FBC4E200CEA6AB /* Debt+CoreDataProperties.swift in Sources */,
				8F31F49420FBC4E200CEA6AB /* StopLocation+CoreDataClass.swift in Sources */,
				8F31F48A20FBC4E200CEA6AB /* PutzSetting+CoreDataClass.swift in Sources */,
				5F1D3B9520FD497E001BDCD6 /* PutzWeekItem+CoreDataClass.swift in Sources */,
				8F31F48F20FBC4E200CEA6AB /* Profil+CoreDataProperties.swift in Sources */,
				5F44D63320D01CCA0014AB46 /* UserProfilEditVC.swift in Sources */,
				8F31F49120FBC4E200CEA6AB /* Purchase+CoreDataProperties.swift in Sources */,
				5F0A8EC020F63F4D00E06836 /* PutzprofilTableVC.swift in Sources */,
				5FE289B020F11A610090193C /* Config.swift in Sources */,
				5F0A8ECB20F7605B00E06836 /* CustomCollectionViewCell.swift in Sources */,
				5F0A8EB620F638EA00E06836 /* PutzProfilVC.swift in Sources */,
				8F31F49C20FBC4E200CEA6AB /* Debt+CoreDataClass.swift in Sources */,
				5FA47C8720BAF9480043B3C8 /* HomeScreenVC.swift in Sources */,
				8F31F46C20FB7B6100CEA6AB /* CheckMarkViewCell.swift in Sources */,
				5F09F1A220C6FEE5008407F6 /* BusProfileVC.swift in Sources */,
				8F12379820D7E6100073AF5F /* UIUserIconPickerView.swift in Sources */,
				5F6204DD20E66E6B00890135 /* ShowBusTripsTableVC.swift in Sources */,
				8F31F49B20FBC4E200CEA6AB /* BusRoute+CoreDataProperties.swift in Sources */,
				8F31F49620FBC4E200CEA6AB /* BusSetting+CoreDataClass.swift in Sources */,
				5F0A8ECA20F7605B00E06836 /* CustomCollectionViewLayout.swift in Sources */,
				8F31F49F20FBEDDA00CEA6AB /* UserMoneyVC.swift in Sources */,
				5F639C5320E68781002CC7D4 /* ShowBusDepartureTableVC.swift in Sources */,
			);
			runOnlyForDeploymentPostprocessing = 0;
		};
		5FA47C6020BAE9A60043B3C8 /* Sources */ = {
			isa = PBXSourcesBuildPhase;
			buildActionMask = 2147483647;
			files = (
				5F09F1C620C70D22008407F6 /* RMVApiControllerTest.swift in Sources */,
				5FA47C6920BAE9A60043B3C8 /* WGAppTests.swift in Sources */,
			);
			runOnlyForDeploymentPostprocessing = 0;
		};
		5FA47C6B20BAE9A60043B3C8 /* Sources */ = {
			isa = PBXSourcesBuildPhase;
			buildActionMask = 2147483647;
			files = (
				5FA47C7420BAE9A60043B3C8 /* WGAppUITests.swift in Sources */,
			);
			runOnlyForDeploymentPostprocessing = 0;
		};
/* End PBXSourcesBuildPhase section */

/* Begin PBXTargetDependency section */
		5FA47C6620BAE9A60043B3C8 /* PBXTargetDependency */ = {
			isa = PBXTargetDependency;
			target = 5FA47C4F20BAE9A50043B3C8 /* WGApp */;
			targetProxy = 5FA47C6520BAE9A60043B3C8 /* PBXContainerItemProxy */;
		};
		5FA47C7120BAE9A60043B3C8 /* PBXTargetDependency */ = {
			isa = PBXTargetDependency;
			target = 5FA47C4F20BAE9A50043B3C8 /* WGApp */;
			targetProxy = 5FA47C7020BAE9A60043B3C8 /* PBXContainerItemProxy */;
		};
/* End PBXTargetDependency section */

/* Begin PBXVariantGroup section */
		5F0A8EBB20F63ABD00E06836 /* PutzProfile.storyboard */ = {
			isa = PBXVariantGroup;
			children = (
				5F0A8EBC20F63ABD00E06836 /* Base */,
			);
			name = PutzProfile.storyboard;
			sourceTree = "<group>";
		};
		5F1D3B8E20FD465E001BDCD6 /* ShowActPutzItems.storyboard */ = {
			isa = PBXVariantGroup;
			children = (
				5F1D3B8F20FD465E001BDCD6 /* Base */,
			);
			name = ShowActPutzItems.storyboard;
			sourceTree = "<group>";
		};
		5FA47C5720BAE9A60043B3C8 /* Main.storyboard */ = {
			isa = PBXVariantGroup;
			children = (
				5FA47C5820BAE9A60043B3C8 /* Base */,
			);
			name = Main.storyboard;
			sourceTree = "<group>";
		};
		5FA47C5C20BAE9A60043B3C8 /* LaunchScreen.storyboard */ = {
			isa = PBXVariantGroup;
			children = (
				5FA47C5D20BAE9A60043B3C8 /* Base */,
			);
			name = LaunchScreen.storyboard;
			sourceTree = "<group>";
		};
		5FE2899420EE9A040090193C /* Selection.storyboard */ = {
			isa = PBXVariantGroup;
			children = (
				5FE2899520EE9A040090193C /* Base */,
			);
			name = Selection.storyboard;
			sourceTree = "<group>";
		};
		8F4399E620EB696F00B063BB /* List.storyboard */ = {
			isa = PBXVariantGroup;
			children = (
				8F4399E720EB696F00B063BB /* Base */,
			);
			name = List.storyboard;
			sourceTree = "<group>";
		};
/* End PBXVariantGroup section */

/* Begin XCBuildConfiguration section */
		5FA47C7620BAE9A60043B3C8 /* Debug */ = {
			isa = XCBuildConfiguration;
			buildSettings = {
				ALWAYS_SEARCH_USER_PATHS = NO;
				CLANG_ANALYZER_NONNULL = YES;
				CLANG_ANALYZER_NUMBER_OBJECT_CONVERSION = YES_AGGRESSIVE;
				CLANG_CXX_LANGUAGE_STANDARD = "gnu++14";
				CLANG_CXX_LIBRARY = "libc++";
				CLANG_ENABLE_MODULES = YES;
				CLANG_ENABLE_OBJC_ARC = YES;
				CLANG_ENABLE_OBJC_WEAK = YES;
				CLANG_WARN_BLOCK_CAPTURE_AUTORELEASING = YES;
				CLANG_WARN_BOOL_CONVERSION = YES;
				CLANG_WARN_COMMA = YES;
				CLANG_WARN_CONSTANT_CONVERSION = YES;
				CLANG_WARN_DEPRECATED_OBJC_IMPLEMENTATIONS = YES;
				CLANG_WARN_DIRECT_OBJC_ISA_USAGE = YES_ERROR;
				CLANG_WARN_DOCUMENTATION_COMMENTS = YES;
				CLANG_WARN_EMPTY_BODY = YES;
				CLANG_WARN_ENUM_CONVERSION = YES;
				CLANG_WARN_INFINITE_RECURSION = YES;
				CLANG_WARN_INT_CONVERSION = YES;
				CLANG_WARN_NON_LITERAL_NULL_CONVERSION = YES;
				CLANG_WARN_OBJC_IMPLICIT_RETAIN_SELF = YES;
				CLANG_WARN_OBJC_LITERAL_CONVERSION = YES;
				CLANG_WARN_OBJC_ROOT_CLASS = YES_ERROR;
				CLANG_WARN_RANGE_LOOP_ANALYSIS = YES;
				CLANG_WARN_STRICT_PROTOTYPES = YES;
				CLANG_WARN_SUSPICIOUS_MOVE = YES;
				CLANG_WARN_UNGUARDED_AVAILABILITY = YES_AGGRESSIVE;
				CLANG_WARN_UNREACHABLE_CODE = YES;
				CLANG_WARN__DUPLICATE_METHOD_MATCH = YES;
				CODE_SIGN_IDENTITY = "iPhone Developer";
				COPY_PHASE_STRIP = NO;
				DEBUG_INFORMATION_FORMAT = dwarf;
				ENABLE_STRICT_OBJC_MSGSEND = YES;
				ENABLE_TESTABILITY = YES;
				GCC_C_LANGUAGE_STANDARD = gnu11;
				GCC_DYNAMIC_NO_PIC = NO;
				GCC_NO_COMMON_BLOCKS = YES;
				GCC_OPTIMIZATION_LEVEL = 0;
				GCC_PREPROCESSOR_DEFINITIONS = (
					"DEBUG=1",
					"$(inherited)",
				);
				GCC_WARN_64_TO_32_BIT_CONVERSION = YES;
				GCC_WARN_ABOUT_RETURN_TYPE = YES_ERROR;
				GCC_WARN_UNDECLARED_SELECTOR = YES;
				GCC_WARN_UNINITIALIZED_AUTOS = YES_AGGRESSIVE;
				GCC_WARN_UNUSED_FUNCTION = YES;
				GCC_WARN_UNUSED_VARIABLE = YES;
				IPHONEOS_DEPLOYMENT_TARGET = 11.3;
				MTL_ENABLE_DEBUG_INFO = YES;
				ONLY_ACTIVE_ARCH = YES;
				SDKROOT = iphoneos;
				SWIFT_ACTIVE_COMPILATION_CONDITIONS = DEBUG;
				SWIFT_OPTIMIZATION_LEVEL = "-Onone";
			};
			name = Debug;
		};
		5FA47C7720BAE9A60043B3C8 /* Release */ = {
			isa = XCBuildConfiguration;
			buildSettings = {
				ALWAYS_SEARCH_USER_PATHS = NO;
				CLANG_ANALYZER_NONNULL = YES;
				CLANG_ANALYZER_NUMBER_OBJECT_CONVERSION = YES_AGGRESSIVE;
				CLANG_CXX_LANGUAGE_STANDARD = "gnu++14";
				CLANG_CXX_LIBRARY = "libc++";
				CLANG_ENABLE_MODULES = YES;
				CLANG_ENABLE_OBJC_ARC = YES;
				CLANG_ENABLE_OBJC_WEAK = YES;
				CLANG_WARN_BLOCK_CAPTURE_AUTORELEASING = YES;
				CLANG_WARN_BOOL_CONVERSION = YES;
				CLANG_WARN_COMMA = YES;
				CLANG_WARN_CONSTANT_CONVERSION = YES;
				CLANG_WARN_DEPRECATED_OBJC_IMPLEMENTATIONS = YES;
				CLANG_WARN_DIRECT_OBJC_ISA_USAGE = YES_ERROR;
				CLANG_WARN_DOCUMENTATION_COMMENTS = YES;
				CLANG_WARN_EMPTY_BODY = YES;
				CLANG_WARN_ENUM_CONVERSION = YES;
				CLANG_WARN_INFINITE_RECURSION = YES;
				CLANG_WARN_INT_CONVERSION = YES;
				CLANG_WARN_NON_LITERAL_NULL_CONVERSION = YES;
				CLANG_WARN_OBJC_IMPLICIT_RETAIN_SELF = YES;
				CLANG_WARN_OBJC_LITERAL_CONVERSION = YES;
				CLANG_WARN_OBJC_ROOT_CLASS = YES_ERROR;
				CLANG_WARN_RANGE_LOOP_ANALYSIS = YES;
				CLANG_WARN_STRICT_PROTOTYPES = YES;
				CLANG_WARN_SUSPICIOUS_MOVE = YES;
				CLANG_WARN_UNGUARDED_AVAILABILITY = YES_AGGRESSIVE;
				CLANG_WARN_UNREACHABLE_CODE = YES;
				CLANG_WARN__DUPLICATE_METHOD_MATCH = YES;
				CODE_SIGN_IDENTITY = "iPhone Developer";
				COPY_PHASE_STRIP = NO;
				DEBUG_INFORMATION_FORMAT = "dwarf-with-dsym";
				ENABLE_NS_ASSERTIONS = NO;
				ENABLE_STRICT_OBJC_MSGSEND = YES;
				GCC_C_LANGUAGE_STANDARD = gnu11;
				GCC_NO_COMMON_BLOCKS = YES;
				GCC_WARN_64_TO_32_BIT_CONVERSION = YES;
				GCC_WARN_ABOUT_RETURN_TYPE = YES_ERROR;
				GCC_WARN_UNDECLARED_SELECTOR = YES;
				GCC_WARN_UNINITIALIZED_AUTOS = YES_AGGRESSIVE;
				GCC_WARN_UNUSED_FUNCTION = YES;
				GCC_WARN_UNUSED_VARIABLE = YES;
				IPHONEOS_DEPLOYMENT_TARGET = 11.3;
				MTL_ENABLE_DEBUG_INFO = NO;
				SDKROOT = iphoneos;
				SWIFT_COMPILATION_MODE = wholemodule;
				SWIFT_OPTIMIZATION_LEVEL = "-O";
				VALIDATE_PRODUCT = YES;
			};
			name = Release;
		};
		5FA47C7920BAE9A60043B3C8 /* Debug */ = {
			isa = XCBuildConfiguration;
			buildSettings = {
				ASSETCATALOG_COMPILER_APPICON_NAME = AppIcon;
				CODE_SIGN_STYLE = Automatic;
				DEVELOPMENT_TEAM = 2C252P2MJ7;
				INFOPLIST_FILE = WGApp/Info.plist;
				LD_RUNPATH_SEARCH_PATHS = (
					"$(inherited)",
					"@executable_path/Frameworks",
				);
				PRODUCT_BUNDLE_IDENTIFIER = mobilecourse.WGApp;
				PRODUCT_NAME = "$(TARGET_NAME)";
				SWIFT_VERSION = 4.0;
				TARGETED_DEVICE_FAMILY = "1,2";
			};
			name = Debug;
		};
		5FA47C7A20BAE9A60043B3C8 /* Release */ = {
			isa = XCBuildConfiguration;
			buildSettings = {
				ASSETCATALOG_COMPILER_APPICON_NAME = AppIcon;
				CODE_SIGN_STYLE = Automatic;
				DEVELOPMENT_TEAM = 2C252P2MJ7;
				INFOPLIST_FILE = WGApp/Info.plist;
				LD_RUNPATH_SEARCH_PATHS = (
					"$(inherited)",
					"@executable_path/Frameworks",
				);
				PRODUCT_BUNDLE_IDENTIFIER = mobilecourse.WGApp;
				PRODUCT_NAME = "$(TARGET_NAME)";
				SWIFT_VERSION = 4.0;
				TARGETED_DEVICE_FAMILY = "1,2";
			};
			name = Release;
		};
		5FA47C7C20BAE9A60043B3C8 /* Debug */ = {
			isa = XCBuildConfiguration;
			buildSettings = {
				ALWAYS_EMBED_SWIFT_STANDARD_LIBRARIES = YES;
				BUNDLE_LOADER = "$(TEST_HOST)";
				CODE_SIGN_STYLE = Automatic;
				DEVELOPMENT_TEAM = 2C252P2MJ7;
				INFOPLIST_FILE = WGAppTests/Info.plist;
				LD_RUNPATH_SEARCH_PATHS = (
					"$(inherited)",
					"@executable_path/Frameworks",
					"@loader_path/Frameworks",
				);
				PRODUCT_BUNDLE_IDENTIFIER = mobilecourse.WGAppTests;
				PRODUCT_NAME = "$(TARGET_NAME)";
				SWIFT_VERSION = 4.0;
				TARGETED_DEVICE_FAMILY = "1,2";
				TEST_HOST = "$(BUILT_PRODUCTS_DIR)/WGApp.app/WGApp";
			};
			name = Debug;
		};
		5FA47C7D20BAE9A60043B3C8 /* Release */ = {
			isa = XCBuildConfiguration;
			buildSettings = {
				ALWAYS_EMBED_SWIFT_STANDARD_LIBRARIES = YES;
				BUNDLE_LOADER = "$(TEST_HOST)";
				CODE_SIGN_STYLE = Automatic;
				DEVELOPMENT_TEAM = 2C252P2MJ7;
				INFOPLIST_FILE = WGAppTests/Info.plist;
				LD_RUNPATH_SEARCH_PATHS = (
					"$(inherited)",
					"@executable_path/Frameworks",
					"@loader_path/Frameworks",
				);
				PRODUCT_BUNDLE_IDENTIFIER = mobilecourse.WGAppTests;
				PRODUCT_NAME = "$(TARGET_NAME)";
				SWIFT_VERSION = 4.0;
				TARGETED_DEVICE_FAMILY = "1,2";
				TEST_HOST = "$(BUILT_PRODUCTS_DIR)/WGApp.app/WGApp";
			};
			name = Release;
		};
		5FA47C7F20BAE9A60043B3C8 /* Debug */ = {
			isa = XCBuildConfiguration;
			buildSettings = {
				ALWAYS_EMBED_SWIFT_STANDARD_LIBRARIES = YES;
				CODE_SIGN_STYLE = Automatic;
				DEVELOPMENT_TEAM = 2C252P2MJ7;
				INFOPLIST_FILE = WGAppUITests/Info.plist;
				LD_RUNPATH_SEARCH_PATHS = (
					"$(inherited)",
					"@executable_path/Frameworks",
					"@loader_path/Frameworks",
				);
				PRODUCT_BUNDLE_IDENTIFIER = mobilecourse.WGAppUITests;
				PRODUCT_NAME = "$(TARGET_NAME)";
				SWIFT_VERSION = 4.0;
				TARGETED_DEVICE_FAMILY = "1,2";
				TEST_TARGET_NAME = WGApp;
			};
			name = Debug;
		};
		5FA47C8020BAE9A60043B3C8 /* Release */ = {
			isa = XCBuildConfiguration;
			buildSettings = {
				ALWAYS_EMBED_SWIFT_STANDARD_LIBRARIES = YES;
				CODE_SIGN_STYLE = Automatic;
				DEVELOPMENT_TEAM = 2C252P2MJ7;
				INFOPLIST_FILE = WGAppUITests/Info.plist;
				LD_RUNPATH_SEARCH_PATHS = (
					"$(inherited)",
					"@executable_path/Frameworks",
					"@loader_path/Frameworks",
				);
				PRODUCT_BUNDLE_IDENTIFIER = mobilecourse.WGAppUITests;
				PRODUCT_NAME = "$(TARGET_NAME)";
				SWIFT_VERSION = 4.0;
				TARGETED_DEVICE_FAMILY = "1,2";
				TEST_TARGET_NAME = WGApp;
			};
			name = Release;
		};
/* End XCBuildConfiguration section */

/* Begin XCConfigurationList section */
		5FA47C4B20BAE9A50043B3C8 /* Build configuration list for PBXProject "WGApp" */ = {
			isa = XCConfigurationList;
			buildConfigurations = (
				5FA47C7620BAE9A60043B3C8 /* Debug */,
				5FA47C7720BAE9A60043B3C8 /* Release */,
			);
			defaultConfigurationIsVisible = 0;
			defaultConfigurationName = Release;
		};
		5FA47C7820BAE9A60043B3C8 /* Build configuration list for PBXNativeTarget "WGApp" */ = {
			isa = XCConfigurationList;
			buildConfigurations = (
				5FA47C7920BAE9A60043B3C8 /* Debug */,
				5FA47C7A20BAE9A60043B3C8 /* Release */,
			);
			defaultConfigurationIsVisible = 0;
			defaultConfigurationName = Release;
		};
		5FA47C7B20BAE9A60043B3C8 /* Build configuration list for PBXNativeTarget "WGAppTests" */ = {
			isa = XCConfigurationList;
			buildConfigurations = (
				5FA47C7C20BAE9A60043B3C8 /* Debug */,
				5FA47C7D20BAE9A60043B3C8 /* Release */,
			);
			defaultConfigurationIsVisible = 0;
			defaultConfigurationName = Release;
		};
		5FA47C7E20BAE9A60043B3C8 /* Build configuration list for PBXNativeTarget "WGAppUITests" */ = {
			isa = XCConfigurationList;
			buildConfigurations = (
				5FA47C7F20BAE9A60043B3C8 /* Debug */,
				5FA47C8020BAE9A60043B3C8 /* Release */,
			);
			defaultConfigurationIsVisible = 0;
			defaultConfigurationName = Release;
		};
/* End XCConfigurationList section */
	};
	rootObject = 5FA47C4820BAE9A50043B3C8 /* Project object */;
}
