// !$*UTF8*$!
{
	archiveVersion = 1;
	classes = {
	};
	objectVersion = 50;
	objects = {

/* Begin PBXBuildFile section */
		5FA47C5420BAE9A60043B3C8 /* AppDelegate.swift in Sources */ = {isa = PBXBuildFile; fileRef = 5FA47C5320BAE9A60043B3C8 /* AppDelegate.swift */; };
		5FA47C5620BAE9A60043B3C8 /* ContainerVC.swift in Sources */ = {isa = PBXBuildFile; fileRef = 5FA47C5520BAE9A60043B3C8 /* ContainerVC.swift */; };
		5FA47C5920BAE9A60043B3C8 /* Main.storyboard in Resources */ = {isa = PBXBuildFile; fileRef = 5FA47C5720BAE9A60043B3C8 /* Main.storyboard */; };
		5FA47C5B20BAE9A60043B3C8 /* Assets.xcassets in Resources */ = {isa = PBXBuildFile; fileRef = 5FA47C5A20BAE9A60043B3C8 /* Assets.xcassets */; };
		5FA47C5E20BAE9A60043B3C8 /* LaunchScreen.storyboard in Resources */ = {isa = PBXBuildFile; fileRef = 5FA47C5C20BAE9A60043B3C8 /* LaunchScreen.storyboard */; };
		5FA47C6920BAE9A60043B3C8 /* WGAppTests.swift in Sources */ = {isa = PBXBuildFile; fileRef = 5FA47C6820BAE9A60043B3C8 /* WGAppTests.swift */; };
		5FA47C7420BAE9A60043B3C8 /* WGAppUITests.swift in Sources */ = {isa = PBXBuildFile; fileRef = 5FA47C7320BAE9A60043B3C8 /* WGAppUITests.swift */; };
		5FA47C8520BAF4300043B3C8 /* SideMenueVC.swift in Sources */ = {isa = PBXBuildFile; fileRef = 5FA47C8420BAF4300043B3C8 /* SideMenueVC.swift */; };
		5FA47C8720BAF9480043B3C8 /* HomeScreenVC.swift in Sources */ = {isa = PBXBuildFile; fileRef = 5FA47C8620BAF9480043B3C8 /* HomeScreenVC.swift */; };
		5FA47C8E20BB0A710043B3C8 /* ViewControllerTest.swift in Sources */ = {isa = PBXBuildFile; fileRef = 5FA47C8D20BB0A710043B3C8 /* ViewControllerTest.swift */; };
		8F90270920BB488600AF5061 /* Bus.storyboard in Resources */ = {isa = PBXBuildFile; fileRef = 8F90270720BB488600AF5061 /* Bus.storyboard */; };
		8F90270B20BB48AC00AF5061 /* User.storyboard in Resources */ = {isa = PBXBuildFile; fileRef = 8F90270A20BB48AC00AF5061 /* User.storyboard */; };
		8F90275E20BB5D6200AF5061 /* Models.xcdatamodeld in Sources */ = {isa = PBXBuildFile; fileRef = 8F90275C20BB5D6200AF5061 /* Models.xcdatamodeld */; };
		8F90276020BB5F5D00AF5061 /* User.swift in Sources */ = {isa = PBXBuildFile; fileRef = 8F90275F20BB5F5D00AF5061 /* User.swift */; };
		8F90276220BB5F9100AF5061 /* Busprofil.swift in Sources */ = {isa = PBXBuildFile; fileRef = 8F90276120BB5F9100AF5061 /* Busprofil.swift */; };
/* End PBXBuildFile section */

/* Begin PBXContainerItemProxy section */
		5FA47C6520BAE9A60043B3C8 /* PBXContainerItemProxy */ = {
			isa = PBXContainerItemProxy;
			containerPortal = 5FA47C4820BAE9A50043B3C8 /* Project object */;
			proxyType = 1;
			remoteGlobalIDString = 5FA47C4F20BAE9A50043B3C8;
			remoteInfo = WGApp;
		};
		5FA47C7020BAE9A60043B3C8 /* PBXContainerItemProxy */ = {
			isa = PBXContainerItemProxy;
			containerPortal = 5FA47C4820BAE9A50043B3C8 /* Project object */;
			proxyType = 1;
			remoteGlobalIDString = 5FA47C4F20BAE9A50043B3C8;
			remoteInfo = WGApp;
		};
/* End PBXContainerItemProxy section */

/* Begin PBXFileReference section */
		5FA47C5020BAE9A50043B3C8 /* WGApp.app */ = {isa = PBXFileReference; explicitFileType = wrapper.application; includeInIndex = 0; path = WGApp.app; sourceTree = BUILT_PRODUCTS_DIR; };
		5FA47C5320BAE9A60043B3C8 /* AppDelegate.swift */ = {isa = PBXFileReference; lastKnownFileType = sourcecode.swift; path = AppDelegate.swift; sourceTree = "<group>"; };
		5FA47C5520BAE9A60043B3C8 /* ContainerVC.swift */ = {isa = PBXFileReference; lastKnownFileType = sourcecode.swift; path = ContainerVC.swift; sourceTree = "<group>"; };
		5FA47C5820BAE9A60043B3C8 /* Base */ = {isa = PBXFileReference; lastKnownFileType = file.storyboard; name = Base; path = Base.lproj/Main.storyboard; sourceTree = "<group>"; };
		5FA47C5A20BAE9A60043B3C8 /* Assets.xcassets */ = {isa = PBXFileReference; lastKnownFileType = folder.assetcatalog; path = Assets.xcassets; sourceTree = "<group>"; };
		5FA47C5D20BAE9A60043B3C8 /* Base */ = {isa = PBXFileReference; lastKnownFileType = file.storyboard; name = Base; path = Base.lproj/LaunchScreen.storyboard; sourceTree = "<group>"; };
		5FA47C5F20BAE9A60043B3C8 /* Info.plist */ = {isa = PBXFileReference; lastKnownFileType = text.plist.xml; path = Info.plist; sourceTree = "<group>"; };
		5FA47C6420BAE9A60043B3C8 /* WGAppTests.xctest */ = {isa = PBXFileReference; explicitFileType = wrapper.cfbundle; includeInIndex = 0; path = WGAppTests.xctest; sourceTree = BUILT_PRODUCTS_DIR; };
		5FA47C6820BAE9A60043B3C8 /* WGAppTests.swift */ = {isa = PBXFileReference; lastKnownFileType = sourcecode.swift; path = WGAppTests.swift; sourceTree = "<group>"; };
		5FA47C6A20BAE9A60043B3C8 /* Info.plist */ = {isa = PBXFileReference; lastKnownFileType = text.plist.xml; path = Info.plist; sourceTree = "<group>"; };
		5FA47C6F20BAE9A60043B3C8 /* WGAppUITests.xctest */ = {isa = PBXFileReference; explicitFileType = wrapper.cfbundle; includeInIndex = 0; path = WGAppUITests.xctest; sourceTree = BUILT_PRODUCTS_DIR; };
		5FA47C7320BAE9A60043B3C8 /* WGAppUITests.swift */ = {isa = PBXFileReference; lastKnownFileType = sourcecode.swift; path = WGAppUITests.swift; sourceTree = "<group>"; };
		5FA47C7520BAE9A60043B3C8 /* Info.plist */ = {isa = PBXFileReference; lastKnownFileType = text.plist.xml; path = Info.plist; sourceTree = "<group>"; };
		5FA47C8420BAF4300043B3C8 /* SideMenueVC.swift */ = {isa = PBXFileReference; lastKnownFileType = sourcecode.swift; path = SideMenueVC.swift; sourceTree = "<group>"; };
		5FA47C8620BAF9480043B3C8 /* HomeScreenVC.swift */ = {isa = PBXFileReference; lastKnownFileType = sourcecode.swift; path = HomeScreenVC.swift; sourceTree = "<group>"; };
		5FA47C8D20BB0A710043B3C8 /* ViewControllerTest.swift */ = {isa = PBXFileReference; lastKnownFileType = sourcecode.swift; path = ViewControllerTest.swift; sourceTree = "<group>"; };
		8F90270820BB488600AF5061 /* Base */ = {isa = PBXFileReference; lastKnownFileType = file.storyboard; name = Base; path = WGApp/Base.lproj/Bus.storyboard; sourceTree = "<group>"; };
		8F90270A20BB48AC00AF5061 /* User.storyboard */ = {isa = PBXFileReference; fileEncoding = 4; lastKnownFileType = file.storyboard; path = User.storyboard; sourceTree = "<group>"; };
		8F90275D20BB5D6200AF5061 /* Models.xcdatamodel */ = {isa = PBXFileReference; lastKnownFileType = wrapper.xcdatamodel; path = Models.xcdatamodel; sourceTree = "<group>"; };
		8F90275F20BB5F5D00AF5061 /* User.swift */ = {isa = PBXFileReference; lastKnownFileType = sourcecode.swift; path = User.swift; sourceTree = "<group>"; };
		8F90276120BB5F9100AF5061 /* Busprofil.swift */ = {isa = PBXFileReference; lastKnownFileType = sourcecode.swift; path = Busprofil.swift; sourceTree = "<group>"; };
/* End PBXFileReference section */

/* Begin PBXFrameworksBuildPhase section */
		5FA47C4D20BAE9A50043B3C8 /* Frameworks */ = {
			isa = PBXFrameworksBuildPhase;
			buildActionMask = 2147483647;
			files = (
			);
			runOnlyForDeploymentPostprocessing = 0;
		};
		5FA47C6120BAE9A60043B3C8 /* Frameworks */ = {
			isa = PBXFrameworksBuildPhase;
			buildActionMask = 2147483647;
			files = (
			);
			runOnlyForDeploymentPostprocessing = 0;
		};
		5FA47C6C20BAE9A60043B3C8 /* Frameworks */ = {
			isa = PBXFrameworksBuildPhase;
			buildActionMask = 2147483647;
			files = (
			);
			runOnlyForDeploymentPostprocessing = 0;
		};
/* End PBXFrameworksBuildPhase section */

/* Begin PBXGroup section */
		5FA47C4720BAE9A50043B3C8 = {
			isa = PBXGroup;
			children = (
				5FA47C5220BAE9A50043B3C8 /* WGApp */,
				5FA47C6720BAE9A60043B3C8 /* WGAppTests */,
				5FA47C7220BAE9A60043B3C8 /* WGAppUITests */,
				5FA47C5120BAE9A50043B3C8 /* Products */,
			);
			sourceTree = "<group>";
		};
		5FA47C5120BAE9A50043B3C8 /* Products */ = {
			isa = PBXGroup;
			children = (
				5FA47C5020BAE9A50043B3C8 /* WGApp.app */,
				5FA47C6420BAE9A60043B3C8 /* WGAppTests.xctest */,
				5FA47C6F20BAE9A60043B3C8 /* WGAppUITests.xctest */,
			);
			name = Products;
			sourceTree = "<group>";
		};
		5FA47C5220BAE9A50043B3C8 /* WGApp */ = {
			isa = PBXGroup;
			children = (
				5FA47C8320BAEA400043B3C8 /* Controller */,
				5FA47C8220BAEA2B0043B3C8 /* View */,
				5FA47C8120BAEA0F0043B3C8 /* Model */,
				5FA47C8420BAF4300043B3C8 /* SideMenueVC.swift */,
				5FA47C5520BAE9A60043B3C8 /* ContainerVC.swift */,
				5FA47C8620BAF9480043B3C8 /* HomeScreenVC.swift */,
				5FA47C5720BAE9A60043B3C8 /* Main.storyboard */,
				5FA47C5A20BAE9A60043B3C8 /* Assets.xcassets */,
				5FA47C5320BAE9A60043B3C8 /* AppDelegate.swift */,
				5FA47C5C20BAE9A60043B3C8 /* LaunchScreen.storyboard */,
				5FA47C5F20BAE9A60043B3C8 /* Info.plist */,
			);
			path = WGApp;
			sourceTree = "<group>";
		};
		5FA47C6720BAE9A60043B3C8 /* WGAppTests */ = {
			isa = PBXGroup;
			children = (
				5FA47C6820BAE9A60043B3C8 /* WGAppTests.swift */,
				5FA47C6A20BAE9A60043B3C8 /* Info.plist */,
			);
			path = WGAppTests;
			sourceTree = "<group>";
		};
		5FA47C7220BAE9A60043B3C8 /* WGAppUITests */ = {
			isa = PBXGroup;
			children = (
				5FA47C7320BAE9A60043B3C8 /* WGAppUITests.swift */,
				5FA47C7520BAE9A60043B3C8 /* Info.plist */,
			);
			path = WGAppUITests;
			sourceTree = "<group>";
		};
		5FA47C8120BAEA0F0043B3C8 /* Model */ = {
			isa = PBXGroup;
			children = (
				8F90275F20BB5F5D00AF5061 /* User.swift */,
				8F90276120BB5F9100AF5061 /* Busprofil.swift */,
				8F90275C20BB5D6200AF5061 /* Models.xcdatamodeld */,
			);
			path = Model;
			sourceTree = "<group>";
		};
		5FA47C8220BAEA2B0043B3C8 /* View */ = {
			isa = PBXGroup;
			children = (
				8F90270A20BB48AC00AF5061 /* User.storyboard */,
				8F90270720BB488600AF5061 /* Bus.storyboard */,
			);
			path = View;
			sourceTree = "<group>";
		};
		5FA47C8320BAEA400043B3C8 /* Controller */ = {
			isa = PBXGroup;
			children = (
				5FA47C8D20BB0A710043B3C8 /* ViewControllerTest.swift */,
			);
			path = Controller;
			sourceTree = "<group>";
		};
/* End PBXGroup section */

/* Begin PBXNativeTarget section */
		5FA47C4F20BAE9A50043B3C8 /* WGApp */ = {
			isa = PBXNativeTarget;
			buildConfigurationList = 5FA47C7820BAE9A60043B3C8 /* Build configuration list for PBXNativeTarget "WGApp" */;
			buildPhases = (
				5FA47C4C20BAE9A50043B3C8 /* Sources */,
				5FA47C4D20BAE9A50043B3C8 /* Frameworks */,
				5FA47C4E20BAE9A50043B3C8 /* Resources */,
			);
			buildRules = (
			);
			dependencies = (
			);
			name = WGApp;
			productName = WGApp;
			productReference = 5FA47C5020BAE9A50043B3C8 /* WGApp.app */;
			productType = "com.apple.product-type.application";
		};
		5FA47C6320BAE9A60043B3C8 /* WGAppTests */ = {
			isa = PBXNativeTarget;
			buildConfigurationList = 5FA47C7B20BAE9A60043B3C8 /* Build configuration list for PBXNativeTarget "WGAppTests" */;
			buildPhases = (
				5FA47C6020BAE9A60043B3C8 /* Sources */,
				5FA47C6120BAE9A60043B3C8 /* Frameworks */,
				5FA47C6220BAE9A60043B3C8 /* Resources */,
			);
			buildRules = (
			);
			dependencies = (
				5FA47C6620BAE9A60043B3C8 /* PBXTargetDependency */,
			);
			name = WGAppTests;
			productName = WGAppTests;
			productReference = 5FA47C6420BAE9A60043B3C8 /* WGAppTests.xctest */;
			productType = "com.apple.product-type.bundle.unit-test";
		};
		5FA47C6E20BAE9A60043B3C8 /* WGAppUITests */ = {
			isa = PBXNativeTarget;
			buildConfigurationList = 5FA47C7E20BAE9A60043B3C8 /* Build configuration list for PBXNativeTarget "WGAppUITests" */;
			buildPhases = (
				5FA47C6B20BAE9A60043B3C8 /* Sources */,
				5FA47C6C20BAE9A60043B3C8 /* Frameworks */,
				5FA47C6D20BAE9A60043B3C8 /* Resources */,
			);
			buildRules = (
			);
			dependencies = (
				5FA47C7120BAE9A60043B3C8 /* PBXTargetDependency */,
			);
			name = WGAppUITests;
			productName = WGAppUITests;
			productReference = 5FA47C6F20BAE9A60043B3C8 /* WGAppUITests.xctest */;
			productType = "com.apple.product-type.bundle.ui-testing";
		};
/* End PBXNativeTarget section */

/* Begin PBXProject section */
		5FA47C4820BAE9A50043B3C8 /* Project object */ = {
			isa = PBXProject;
			attributes = {
				LastSwiftUpdateCheck = 0930;
				LastUpgradeCheck = 0930;
				ORGANIZATIONNAME = "Viviane Rehor";
				TargetAttributes = {
					5FA47C4F20BAE9A50043B3C8 = {
						CreatedOnToolsVersion = 9.3;
					};
					5FA47C6320BAE9A60043B3C8 = {
						CreatedOnToolsVersion = 9.3;
						TestTargetID = 5FA47C4F20BAE9A50043B3C8;
					};
					5FA47C6E20BAE9A60043B3C8 = {
						CreatedOnToolsVersion = 9.3;
						TestTargetID = 5FA47C4F20BAE9A50043B3C8;
					};
				};
			};
			buildConfigurationList = 5FA47C4B20BAE9A50043B3C8 /* Build configuration list for PBXProject "WGApp" */;
			compatibilityVersion = "Xcode 9.3";
			developmentRegion = en;
			hasScannedForEncodings = 0;
			knownRegions = (
				en,
				Base,
			);
			mainGroup = 5FA47C4720BAE9A50043B3C8;
			productRefGroup = 5FA47C5120BAE9A50043B3C8 /* Products */;
			projectDirPath = "";
			projectRoot = "";
			targets = (
				5FA47C4F20BAE9A50043B3C8 /* WGApp */,
				5FA47C6320BAE9A60043B3C8 /* WGAppTests */,
				5FA47C6E20BAE9A60043B3C8 /* WGAppUITests */,
			);
		};
/* End PBXProject section */

/* Begin PBXResourcesBuildPhase section */
		5FA47C4E20BAE9A50043B3C8 /* Resources */ = {
			isa = PBXResourcesBuildPhase;
			buildActionMask = 2147483647;
			files = (
				5FA47C5E20BAE9A60043B3C8 /* LaunchScreen.storyboard in Resources */,
				8F90270B20BB48AC00AF5061 /* User.storyboard in Resources */,
				5FA47C5B20BAE9A60043B3C8 /* Assets.xcassets in Resources */,
				5FA47C5920BAE9A60043B3C8 /* Main.storyboard in Resources */,
				8F90270920BB488600AF5061 /* Bus.storyboard in Resources */,
			);
			runOnlyForDeploymentPostprocessing = 0;
		};
		5FA47C6220BAE9A60043B3C8 /* Resources */ = {
			isa = PBXResourcesBuildPhase;
			buildActionMask = 2147483647;
			files = (
			);
			runOnlyForDeploymentPostprocessing = 0;
		};
		5FA47C6D20BAE9A60043B3C8 /* Resources */ = {
			isa = PBXResourcesBuildPhase;
			buildActionMask = 2147483647;
			files = (
			);
			runOnlyForDeploymentPostprocessing = 0;
		};
/* End PBXResourcesBuildPhase section */

/* Begin PBXSourcesBuildPhase section */
		5FA47C4C20BAE9A50043B3C8 /* Sources */ = {
			isa = PBXSourcesBuildPhase;
			buildActionMask = 2147483647;
			files = (
				8F90276220BB5F9100AF5061 /* Busprofil.swift in Sources */,
				5FA47C5620BAE9A60043B3C8 /* ContainerVC.swift in Sources */,
				5FA47C5420BAE9A60043B3C8 /* AppDelegate.swift in Sources */,
				5FA47C8E20BB0A710043B3C8 /* ViewControllerTest.swift in Sources */,
				8F90275E20BB5D6200AF5061 /* Models.xcdatamodeld in Sources */,
				5FA47C8520BAF4300043B3C8 /* SideMenueVC.swift in Sources */,
				5FA47C8720BAF9480043B3C8 /* HomeScreenVC.swift in Sources */,
				8F90276020BB5F5D00AF5061 /* User.swift in Sources */,
			);
			runOnlyForDeploymentPostprocessing = 0;
		};
		5FA47C6020BAE9A60043B3C8 /* Sources */ = {
			isa = PBXSourcesBuildPhase;
			buildActionMask = 2147483647;
			files = (
				5FA47C6920BAE9A60043B3C8 /* WGAppTests.swift in Sources */,
			);
			runOnlyForDeploymentPostprocessing = 0;
		};
		5FA47C6B20BAE9A60043B3C8 /* Sources */ = {
			isa = PBXSourcesBuildPhase;
			buildActionMask = 2147483647;
			files = (
				5FA47C7420BAE9A60043B3C8 /* WGAppUITests.swift in Sources */,
			);
			runOnlyForDeploymentPostprocessing = 0;
		};
/* End PBXSourcesBuildPhase section */

/* Begin PBXTargetDependency section */
		5FA47C6620BAE9A60043B3C8 /* PBXTargetDependency */ = {
			isa = PBXTargetDependency;
			target = 5FA47C4F20BAE9A50043B3C8 /* WGApp */;
			targetProxy = 5FA47C6520BAE9A60043B3C8 /* PBXContainerItemProxy */;
		};
		5FA47C7120BAE9A60043B3C8 /* PBXTargetDependency */ = {
			isa = PBXTargetDependency;
			target = 5FA47C4F20BAE9A50043B3C8 /* WGApp */;
			targetProxy = 5FA47C7020BAE9A60043B3C8 /* PBXContainerItemProxy */;
		};
/* End PBXTargetDependency section */

/* Begin PBXVariantGroup section */
		5FA47C5720BAE9A60043B3C8 /* Main.storyboard */ = {
			isa = PBXVariantGroup;
			children = (
				5FA47C5820BAE9A60043B3C8 /* Base */,
			);
			name = Main.storyboard;
			sourceTree = "<group>";
		};
		5FA47C5C20BAE9A60043B3C8 /* LaunchScreen.storyboard */ = {
			isa = PBXVariantGroup;
			children = (
				5FA47C5D20BAE9A60043B3C8 /* Base */,
			);
			name = LaunchScreen.storyboard;
			sourceTree = "<group>";
		};
		8F90270720BB488600AF5061 /* Bus.storyboard */ = {
			isa = PBXVariantGroup;
			children = (
				8F90270820BB488600AF5061 /* Base */,
			);
			name = Bus.storyboard;
			sourceTree = "<group>";
		};
/* End PBXVariantGroup section */

/* Begin XCBuildConfiguration section */
		5FA47C7620BAE9A60043B3C8 /* Debug */ = {
			isa = XCBuildConfiguration;
			buildSettings = {
				ALWAYS_SEARCH_USER_PATHS = NO;
				CLANG_ANALYZER_NONNULL = YES;
				CLANG_ANALYZER_NUMBER_OBJECT_CONVERSION = YES_AGGRESSIVE;
				CLANG_CXX_LANGUAGE_STANDARD = "gnu++14";
				CLANG_CXX_LIBRARY = "libc++";
				CLANG_ENABLE_MODULES = YES;
				CLANG_ENABLE_OBJC_ARC = YES;
				CLANG_ENABLE_OBJC_WEAK = YES;
				CLANG_WARN_BLOCK_CAPTURE_AUTORELEASING = YES;
				CLANG_WARN_BOOL_CONVERSION = YES;
				CLANG_WARN_COMMA = YES;
				CLANG_WARN_CONSTANT_CONVERSION = YES;
				CLANG_WARN_DEPRECATED_OBJC_IMPLEMENTATIONS = YES;
				CLANG_WARN_DIRECT_OBJC_ISA_USAGE = YES_ERROR;
				CLANG_WARN_DOCUMENTATION_COMMENTS = YES;
				CLANG_WARN_EMPTY_BODY = YES;
				CLANG_WARN_ENUM_CONVERSION = YES;
				CLANG_WARN_INFINITE_RECURSION = YES;
				CLANG_WARN_INT_CONVERSION = YES;
				CLANG_WARN_NON_LITERAL_NULL_CONVERSION = YES;
				CLANG_WARN_OBJC_IMPLICIT_RETAIN_SELF = YES;
				CLANG_WARN_OBJC_LITERAL_CONVERSION = YES;
				CLANG_WARN_OBJC_ROOT_CLASS = YES_ERROR;
				CLANG_WARN_RANGE_LOOP_ANALYSIS = YES;
				CLANG_WARN_STRICT_PROTOTYPES = YES;
				CLANG_WARN_SUSPICIOUS_MOVE = YES;
				CLANG_WARN_UNGUARDED_AVAILABILITY = YES_AGGRESSIVE;
				CLANG_WARN_UNREACHABLE_CODE = YES;
				CLANG_WARN__DUPLICATE_METHOD_MATCH = YES;
				CODE_SIGN_IDENTITY = "iPhone Developer";
				COPY_PHASE_STRIP = NO;
				DEBUG_INFORMATION_FORMAT = dwarf;
				ENABLE_STRICT_OBJC_MSGSEND = YES;
				ENABLE_TESTABILITY = YES;
				GCC_C_LANGUAGE_STANDARD = gnu11;
				GCC_DYNAMIC_NO_PIC = NO;
				GCC_NO_COMMON_BLOCKS = YES;
				GCC_OPTIMIZATION_LEVEL = 0;
				GCC_PREPROCESSOR_DEFINITIONS = (
					"DEBUG=1",
					"$(inherited)",
				);
				GCC_WARN_64_TO_32_BIT_CONVERSION = YES;
				GCC_WARN_ABOUT_RETURN_TYPE = YES_ERROR;
				GCC_WARN_UNDECLARED_SELECTOR = YES;
				GCC_WARN_UNINITIALIZED_AUTOS = YES_AGGRESSIVE;
				GCC_WARN_UNUSED_FUNCTION = YES;
				GCC_WARN_UNUSED_VARIABLE = YES;
				IPHONEOS_DEPLOYMENT_TARGET = 11.3;
				MTL_ENABLE_DEBUG_INFO = YES;
				ONLY_ACTIVE_ARCH = YES;
				SDKROOT = iphoneos;
				SWIFT_ACTIVE_COMPILATION_CONDITIONS = DEBUG;
				SWIFT_OPTIMIZATION_LEVEL = "-Onone";
			};
			name = Debug;
		};
		5FA47C7720BAE9A60043B3C8 /* Release */ = {
			isa = XCBuildConfiguration;
			buildSettings = {
				ALWAYS_SEARCH_USER_PATHS = NO;
				CLANG_ANALYZER_NONNULL = YES;
				CLANG_ANALYZER_NUMBER_OBJECT_CONVERSION = YES_AGGRESSIVE;
				CLANG_CXX_LANGUAGE_STANDARD = "gnu++14";
				CLANG_CXX_LIBRARY = "libc++";
				CLANG_ENABLE_MODULES = YES;
				CLANG_ENABLE_OBJC_ARC = YES;
				CLANG_ENABLE_OBJC_WEAK = YES;
				CLANG_WARN_BLOCK_CAPTURE_AUTORELEASING = YES;
				CLANG_WARN_BOOL_CONVERSION = YES;
				CLANG_WARN_COMMA = YES;
				CLANG_WARN_CONSTANT_CONVERSION = YES;
				CLANG_WARN_DEPRECATED_OBJC_IMPLEMENTATIONS = YES;
				CLANG_WARN_DIRECT_OBJC_ISA_USAGE = YES_ERROR;
				CLANG_WARN_DOCUMENTATION_COMMENTS = YES;
				CLANG_WARN_EMPTY_BODY = YES;
				CLANG_WARN_ENUM_CONVERSION = YES;
				CLANG_WARN_INFINITE_RECURSION = YES;
				CLANG_WARN_INT_CONVERSION = YES;
				CLANG_WARN_NON_LITERAL_NULL_CONVERSION = YES;
				CLANG_WARN_OBJC_IMPLICIT_RETAIN_SELF = YES;
				CLANG_WARN_OBJC_LITERAL_CONVERSION = YES;
				CLANG_WARN_OBJC_ROOT_CLASS = YES_ERROR;
				CLANG_WARN_RANGE_LOOP_ANALYSIS = YES;
				CLANG_WARN_STRICT_PROTOTYPES = YES;
				CLANG_WARN_SUSPICIOUS_MOVE = YES;
				CLANG_WARN_UNGUARDED_AVAILABILITY = YES_AGGRESSIVE;
				CLANG_WARN_UNREACHABLE_CODE = YES;
				CLANG_WARN__DUPLICATE_METHOD_MATCH = YES;
				CODE_SIGN_IDENTITY = "iPhone Developer";
				COPY_PHASE_STRIP = NO;
				DEBUG_INFORMATION_FORMAT = "dwarf-with-dsym";
				ENABLE_NS_ASSERTIONS = NO;
				ENABLE_STRICT_OBJC_MSGSEND = YES;
				GCC_C_LANGUAGE_STANDARD = gnu11;
				GCC_NO_COMMON_BLOCKS = YES;
				GCC_WARN_64_TO_32_BIT_CONVERSION = YES;
				GCC_WARN_ABOUT_RETURN_TYPE = YES_ERROR;
				GCC_WARN_UNDECLARED_SELECTOR = YES;
				GCC_WARN_UNINITIALIZED_AUTOS = YES_AGGRESSIVE;
				GCC_WARN_UNUSED_FUNCTION = YES;
				GCC_WARN_UNUSED_VARIABLE = YES;
				IPHONEOS_DEPLOYMENT_TARGET = 11.3;
				MTL_ENABLE_DEBUG_INFO = NO;
				SDKROOT = iphoneos;
				SWIFT_COMPILATION_MODE = wholemodule;
				SWIFT_OPTIMIZATION_LEVEL = "-O";
				VALIDATE_PRODUCT = YES;
			};
			name = Release;
		};
		5FA47C7920BAE9A60043B3C8 /* Debug */ = {
			isa = XCBuildConfiguration;
			buildSettings = {
				ASSETCATALOG_COMPILER_APPICON_NAME = AppIcon;
				CODE_SIGN_STYLE = Automatic;
				DEVELOPMENT_TEAM = 2C252P2MJ7;
				INFOPLIST_FILE = WGApp/Info.plist;
				LD_RUNPATH_SEARCH_PATHS = (
					"$(inherited)",
					"@executable_path/Frameworks",
				);
				PRODUCT_BUNDLE_IDENTIFIER = mobilecourse.WGApp;
				PRODUCT_NAME = "$(TARGET_NAME)";
				SWIFT_VERSION = 4.0;
				TARGETED_DEVICE_FAMILY = "1,2";
			};
			name = Debug;
		};
		5FA47C7A20BAE9A60043B3C8 /* Release */ = {
			isa = XCBuildConfiguration;
			buildSettings = {
				ASSETCATALOG_COMPILER_APPICON_NAME = AppIcon;
				CODE_SIGN_STYLE = Automatic;
				DEVELOPMENT_TEAM = 2C252P2MJ7;
				INFOPLIST_FILE = WGApp/Info.plist;
				LD_RUNPATH_SEARCH_PATHS = (
					"$(inherited)",
					"@executable_path/Frameworks",
				);
				PRODUCT_BUNDLE_IDENTIFIER = mobilecourse.WGApp;
				PRODUCT_NAME = "$(TARGET_NAME)";
				SWIFT_VERSION = 4.0;
				TARGETED_DEVICE_FAMILY = "1,2";
			};
			name = Release;
		};
		5FA47C7C20BAE9A60043B3C8 /* Debug */ = {
			isa = XCBuildConfiguration;
			buildSettings = {
				ALWAYS_EMBED_SWIFT_STANDARD_LIBRARIES = YES;
				BUNDLE_LOADER = "$(TEST_HOST)";
				CODE_SIGN_STYLE = Automatic;
				DEVELOPMENT_TEAM = 2C252P2MJ7;
				INFOPLIST_FILE = WGAppTests/Info.plist;
				LD_RUNPATH_SEARCH_PATHS = (
					"$(inherited)",
					"@executable_path/Frameworks",
					"@loader_path/Frameworks",
				);
				PRODUCT_BUNDLE_IDENTIFIER = mobilecourse.WGAppTests;
				PRODUCT_NAME = "$(TARGET_NAME)";
				SWIFT_VERSION = 4.0;
				TARGETED_DEVICE_FAMILY = "1,2";
				TEST_HOST = "$(BUILT_PRODUCTS_DIR)/WGApp.app/WGApp";
			};
			name = Debug;
		};
		5FA47C7D20BAE9A60043B3C8 /* Release */ = {
			isa = XCBuildConfiguration;
			buildSettings = {
				ALWAYS_EMBED_SWIFT_STANDARD_LIBRARIES = YES;
				BUNDLE_LOADER = "$(TEST_HOST)";
				CODE_SIGN_STYLE = Automatic;
				DEVELOPMENT_TEAM = 2C252P2MJ7;
				INFOPLIST_FILE = WGAppTests/Info.plist;
				LD_RUNPATH_SEARCH_PATHS = (
					"$(inherited)",
					"@executable_path/Frameworks",
					"@loader_path/Frameworks",
				);
				PRODUCT_BUNDLE_IDENTIFIER = mobilecourse.WGAppTests;
				PRODUCT_NAME = "$(TARGET_NAME)";
				SWIFT_VERSION = 4.0;
				TARGETED_DEVICE_FAMILY = "1,2";
				TEST_HOST = "$(BUILT_PRODUCTS_DIR)/WGApp.app/WGApp";
			};
			name = Release;
		};
		5FA47C7F20BAE9A60043B3C8 /* Debug */ = {
			isa = XCBuildConfiguration;
			buildSettings = {
				ALWAYS_EMBED_SWIFT_STANDARD_LIBRARIES = YES;
				CODE_SIGN_STYLE = Automatic;
				DEVELOPMENT_TEAM = 2C252P2MJ7;
				INFOPLIST_FILE = WGAppUITests/Info.plist;
				LD_RUNPATH_SEARCH_PATHS = (
					"$(inherited)",
					"@executable_path/Frameworks",
					"@loader_path/Frameworks",
				);
				PRODUCT_BUNDLE_IDENTIFIER = mobilecourse.WGAppUITests;
				PRODUCT_NAME = "$(TARGET_NAME)";
				SWIFT_VERSION = 4.0;
				TARGETED_DEVICE_FAMILY = "1,2";
				TEST_TARGET_NAME = WGApp;
			};
			name = Debug;
		};
		5FA47C8020BAE9A60043B3C8 /* Release */ = {
			isa = XCBuildConfiguration;
			buildSettings = {
				ALWAYS_EMBED_SWIFT_STANDARD_LIBRARIES = YES;
				CODE_SIGN_STYLE = Automatic;
				DEVELOPMENT_TEAM = 2C252P2MJ7;
				INFOPLIST_FILE = WGAppUITests/Info.plist;
				LD_RUNPATH_SEARCH_PATHS = (
					"$(inherited)",
					"@executable_path/Frameworks",
					"@loader_path/Frameworks",
				);
				PRODUCT_BUNDLE_IDENTIFIER = mobilecourse.WGAppUITests;
				PRODUCT_NAME = "$(TARGET_NAME)";
				SWIFT_VERSION = 4.0;
				TARGETED_DEVICE_FAMILY = "1,2";
				TEST_TARGET_NAME = WGApp;
			};
			name = Release;
		};
/* End XCBuildConfiguration section */

/* Begin XCConfigurationList section */
		5FA47C4B20BAE9A50043B3C8 /* Build configuration list for PBXProject "WGApp" */ = {
			isa = XCConfigurationList;
			buildConfigurations = (
				5FA47C7620BAE9A60043B3C8 /* Debug */,
				5FA47C7720BAE9A60043B3C8 /* Release */,
			);
			defaultConfigurationIsVisible = 0;
			defaultConfigurationName = Release;
		};
		5FA47C7820BAE9A60043B3C8 /* Build configuration list for PBXNativeTarget "WGApp" */ = {
			isa = XCConfigurationList;
			buildConfigurations = (
				5FA47C7920BAE9A60043B3C8 /* Debug */,
				5FA47C7A20BAE9A60043B3C8 /* Release */,
			);
			defaultConfigurationIsVisible = 0;
			defaultConfigurationName = Release;
		};
		5FA47C7B20BAE9A60043B3C8 /* Build configuration list for PBXNativeTarget "WGAppTests" */ = {
			isa = XCConfigurationList;
			buildConfigurations = (
				5FA47C7C20BAE9A60043B3C8 /* Debug */,
				5FA47C7D20BAE9A60043B3C8 /* Release */,
			);
			defaultConfigurationIsVisible = 0;
			defaultConfigurationName = Release;
		};
		5FA47C7E20BAE9A60043B3C8 /* Build configuration list for PBXNativeTarget "WGAppUITests" */ = {
			isa = XCConfigurationList;
			buildConfigurations = (
				5FA47C7F20BAE9A60043B3C8 /* Debug */,
				5FA47C8020BAE9A60043B3C8 /* Release */,
			);
			defaultConfigurationIsVisible = 0;
			defaultConfigurationName = Release;
		};
/* End XCConfigurationList section */

/* Begin XCVersionGroup section */
		8F90275C20BB5D6200AF5061 /* Models.xcdatamodeld */ = {
			isa = XCVersionGroup;
			children = (
				8F90275D20BB5D6200AF5061 /* Models.xcdatamodel */,
			);
			currentVersion = 8F90275D20BB5D6200AF5061 /* Models.xcdatamodel */;
			path = Models.xcdatamodeld;
			sourceTree = "<group>";
			versionGroupType = wrapper.xcdatamodel;
		};
/* End XCVersionGroup section */
	};
	rootObject = 5FA47C4820BAE9A50043B3C8 /* Project object */;
}
